// !$*UTF8*$!
{
	archiveVersion = 1;
	classes = {
	};
	objectVersion = 46;
	objects = {

/* Begin PBXBuildFile section */
		6A98E11615C64C5600A777EA /* UIKit.framework in Frameworks */ = {isa = PBXBuildFile; fileRef = 6A98E11515C64C5600A777EA /* UIKit.framework */; };
		6A98E11815C64C5600A777EA /* Foundation.framework in Frameworks */ = {isa = PBXBuildFile; fileRef = 6A98E11715C64C5600A777EA /* Foundation.framework */; };
		6A98E11A15C64C5600A777EA /* CoreGraphics.framework in Frameworks */ = {isa = PBXBuildFile; fileRef = 6A98E11915C64C5600A777EA /* CoreGraphics.framework */; };
		6A98E12015C64C5600A777EA /* InfoPlist.strings in Resources */ = {isa = PBXBuildFile; fileRef = 6A98E11E15C64C5600A777EA /* InfoPlist.strings */; };
		6A98E12215C64C5600A777EA /* main.m in Sources */ = {isa = PBXBuildFile; fileRef = 6A98E12115C64C5600A777EA /* main.m */; };
		6A98E12615C64C5600A777EA /* ScrollArrayAppDelegate.m in Sources */ = {isa = PBXBuildFile; fileRef = 6A98E12515C64C5600A777EA /* ScrollArrayAppDelegate.m */; };
		6A98E12915C64C5600A777EA /* MainStoryboard.storyboard in Resources */ = {isa = PBXBuildFile; fileRef = 6A98E12715C64C5600A777EA /* MainStoryboard.storyboard */; };
		6A98E12C15C64C5600A777EA /* ScrollArrayViewController.m in Sources */ = {isa = PBXBuildFile; fileRef = 6A98E12B15C64C5600A777EA /* ScrollArrayViewController.m */; };
		6A98E13715C64D8500A777EA /* 1.jpg in Resources */ = {isa = PBXBuildFile; fileRef = 6A98E13215C64D8500A777EA /* 1.jpg */; };
		6A98E13815C64D8500A777EA /* 2.jpg in Resources */ = {isa = PBXBuildFile; fileRef = 6A98E13315C64D8500A777EA /* 2.jpg */; };
		6A98E13915C64D8500A777EA /* 3.jpg in Resources */ = {isa = PBXBuildFile; fileRef = 6A98E13415C64D8500A777EA /* 3.jpg */; };
		6A98E13A15C64D8500A777EA /* 4.jpg in Resources */ = {isa = PBXBuildFile; fileRef = 6A98E13515C64D8500A777EA /* 4.jpg */; };
		6A98E13B15C64D8500A777EA /* 5.jpg in Resources */ = {isa = PBXBuildFile; fileRef = 6A98E13615C64D8500A777EA /* 5.jpg */; };
		6A98E14315C64EA900A777EA /* 6.jpg in Resources */ = {isa = PBXBuildFile; fileRef = 6A98E14015C64EA900A777EA /* 6.jpg */; };
		6A98E14415C64EA900A777EA /* 7.jpeg in Resources */ = {isa = PBXBuildFile; fileRef = 6A98E14115C64EA900A777EA /* 7.jpeg */; };
		6A98E14515C64EA900A777EA /* 8.jpg in Resources */ = {isa = PBXBuildFile; fileRef = 6A98E14215C64EA900A777EA /* 8.jpg */; };
		6A98E14715C6506B00A777EA /* AssetsLibrary.framework in Frameworks */ = {isa = PBXBuildFile; fileRef = 6A98E14615C6506B00A777EA /* AssetsLibrary.framework */; };
		6A98E14E15C652E100A777EA /* 9.jpg in Resources */ = {isa = PBXBuildFile; fileRef = 6A98E14815C652E000A777EA /* 9.jpg */; };
		6A98E14F15C652E100A777EA /* 10.jpg in Resources */ = {isa = PBXBuildFile; fileRef = 6A98E14915C652E000A777EA /* 10.jpg */; };
		6A98E15015C652E100A777EA /* 11.jpg in Resources */ = {isa = PBXBuildFile; fileRef = 6A98E14A15C652E100A777EA /* 11.jpg */; };
		6A98E15115C652E100A777EA /* 12.jpg in Resources */ = {isa = PBXBuildFile; fileRef = 6A98E14B15C652E100A777EA /* 12.jpg */; };
		6A98E15215C652E100A777EA /* 13.jpg in Resources */ = {isa = PBXBuildFile; fileRef = 6A98E14C15C652E100A777EA /* 13.jpg */; };
		6A98E15315C652E100A777EA /* 14.jpg in Resources */ = {isa = PBXBuildFile; fileRef = 6A98E14D15C652E100A777EA /* 14.jpg */; };
/* End PBXBuildFile section */

/* Begin PBXFileReference section */
		6A98E11115C64C5600A777EA /* ScrollImageWithArray.app */ = {isa = PBXFileReference; explicitFileType = wrapper.application; includeInIndex = 0; path = ScrollImageWithArray.app; sourceTree = BUILT_PRODUCTS_DIR; };
		6A98E11515C64C5600A777EA /* UIKit.framework */ = {isa = PBXFileReference; lastKnownFileType = wrapper.framework; name = UIKit.framework; path = System/Library/Frameworks/UIKit.framework; sourceTree = SDKROOT; };
		6A98E11715C64C5600A777EA /* Foundation.framework */ = {isa = PBXFileReference; lastKnownFileType = wrapper.framework; name = Foundation.framework; path = System/Library/Frameworks/Foundation.framework; sourceTree = SDKROOT; };
		6A98E11915C64C5600A777EA /* CoreGraphics.framework */ = {isa = PBXFileReference; lastKnownFileType = wrapper.framework; name = CoreGraphics.framework; path = System/Library/Frameworks/CoreGraphics.framework; sourceTree = SDKROOT; };
		6A98E11D15C64C5600A777EA /* ScrollImageWithArray-Info.plist */ = {isa = PBXFileReference; lastKnownFileType = text.plist.xml; path = "ScrollImageWithArray-Info.plist"; sourceTree = "<group>"; };
		6A98E11F15C64C5600A777EA /* en */ = {isa = PBXFileReference; lastKnownFileType = text.plist.strings; name = en; path = en.lproj/InfoPlist.strings; sourceTree = "<group>"; };
		6A98E12115C64C5600A777EA /* main.m */ = {isa = PBXFileReference; lastKnownFileType = sourcecode.c.objc; path = main.m; sourceTree = "<group>"; };
		6A98E12315C64C5600A777EA /* ScrollImageWithArray-Prefix.pch */ = {isa = PBXFileReference; lastKnownFileType = sourcecode.c.h; path = "ScrollImageWithArray-Prefix.pch"; sourceTree = "<group>"; };
		6A98E12415C64C5600A777EA /* ScrollArrayAppDelegate.h */ = {isa = PBXFileReference; lastKnownFileType = sourcecode.c.h; path = ScrollArrayAppDelegate.h; sourceTree = "<group>"; };
		6A98E12515C64C5600A777EA /* ScrollArrayAppDelegate.m */ = {isa = PBXFileReference; lastKnownFileType = sourcecode.c.objc; path = ScrollArrayAppDelegate.m; sourceTree = "<group>"; };
		6A98E12815C64C5600A777EA /* en */ = {isa = PBXFileReference; lastKnownFileType = file.storyboard; name = en; path = en.lproj/MainStoryboard.storyboard; sourceTree = "<group>"; };
		6A98E12A15C64C5600A777EA /* ScrollArrayViewController.h */ = {isa = PBXFileReference; lastKnownFileType = sourcecode.c.h; path = ScrollArrayViewController.h; sourceTree = "<group>"; };
		6A98E12B15C64C5600A777EA /* ScrollArrayViewController.m */ = {isa = PBXFileReference; lastKnownFileType = sourcecode.c.objc; path = ScrollArrayViewController.m; sourceTree = "<group>"; };
		6A98E13215C64D8500A777EA /* 1.jpg */ = {isa = PBXFileReference; lastKnownFileType = image.jpeg; name = 1.jpg; path = ../../../../../Downloads/1.jpg; sourceTree = "<group>"; };
		6A98E13315C64D8500A777EA /* 2.jpg */ = {isa = PBXFileReference; lastKnownFileType = image.jpeg; name = 2.jpg; path = ../../../../../Downloads/2.jpg; sourceTree = "<group>"; };
		6A98E13415C64D8500A777EA /* 3.jpg */ = {isa = PBXFileReference; lastKnownFileType = image.jpeg; name = 3.jpg; path = ../../../../../Downloads/3.jpg; sourceTree = "<group>"; };
		6A98E13515C64D8500A777EA /* 4.jpg */ = {isa = PBXFileReference; lastKnownFileType = image.jpeg; name = 4.jpg; path = ../../../../../Downloads/4.jpg; sourceTree = "<group>"; };
		6A98E13615C64D8500A777EA /* 5.jpg */ = {isa = PBXFileReference; lastKnownFileType = image.jpeg; name = 5.jpg; path = ../../../../../Downloads/5.jpg; sourceTree = "<group>"; };
		6A98E14015C64EA900A777EA /* 6.jpg */ = {isa = PBXFileReference; lastKnownFileType = image.jpeg; name = 6.jpg; path = ../../../../../Downloads/6.jpg; sourceTree = "<group>"; };
		6A98E14115C64EA900A777EA /* 7.jpeg */ = {isa = PBXFileReference; lastKnownFileType = image.jpeg; name = 7.jpeg; path = ../../../../../Downloads/7.jpeg; sourceTree = "<group>"; };
		6A98E14215C64EA900A777EA /* 8.jpg */ = {isa = PBXFileReference; lastKnownFileType = image.jpeg; name = 8.jpg; path = ../../../../../Downloads/8.jpg; sourceTree = "<group>"; };
		6A98E14615C6506B00A777EA /* AssetsLibrary.framework */ = {isa = PBXFileReference; lastKnownFileType = wrapper.framework; name = AssetsLibrary.framework; path = System/Library/Frameworks/AssetsLibrary.framework; sourceTree = SDKROOT; };
		6A98E14815C652E000A777EA /* 9.jpg */ = {isa = PBXFileReference; lastKnownFileType = image.jpeg; name = 9.jpg; path = ../../../../../Downloads/9.jpg; sourceTree = "<group>"; };
		6A98E14915C652E000A777EA /* 10.jpg */ = {isa = PBXFileReference; lastKnownFileType = image.jpeg; name = 10.jpg; path = ../../../../../Downloads/10.jpg; sourceTree = "<group>"; };
		6A98E14A15C652E100A777EA /* 11.jpg */ = {isa = PBXFileReference; lastKnownFileType = image.jpeg; name = 11.jpg; path = ../../../../../Downloads/11.jpg; sourceTree = "<group>"; };
		6A98E14B15C652E100A777EA /* 12.jpg */ = {isa = PBXFileReference; lastKnownFileType = image.jpeg; name = 12.jpg; path = ../../../../../Downloads/12.jpg; sourceTree = "<group>"; };
		6A98E14C15C652E100A777EA /* 13.jpg */ = {isa = PBXFileReference; lastKnownFileType = image.jpeg; name = 13.jpg; path = ../../../../../Downloads/13.jpg; sourceTree = "<group>"; };
		6A98E14D15C652E100A777EA /* 14.jpg */ = {isa = PBXFileReference; lastKnownFileType = image.jpeg; name = 14.jpg; path = ../../../../../Downloads/14.jpg; sourceTree = "<group>"; };
/* End PBXFileReference section */

/* Begin PBXFrameworksBuildPhase section */
		6A98E10E15C64C5600A777EA /* Frameworks */ = {
			isa = PBXFrameworksBuildPhase;
			buildActionMask = 2147483647;
			files = (
				6A98E11615C64C5600A777EA /* UIKit.framework in Frameworks */,
				6A98E11815C64C5600A777EA /* Foundation.framework in Frameworks */,
				6A98E11A15C64C5600A777EA /* CoreGraphics.framework in Frameworks */,
				6A98E14715C6506B00A777EA /* AssetsLibrary.framework in Frameworks */,
			);
			runOnlyForDeploymentPostprocessing = 0;
		};
/* End PBXFrameworksBuildPhase section */

/* Begin PBXGroup section */
		6A98E10615C64C5600A777EA = {
			isa = PBXGroup;
			children = (
				6A98E11B15C64C5600A777EA /* ScrollImageWithArray */,
				6A98E11415C64C5600A777EA /* Frameworks */,
				6A98E11215C64C5600A777EA /* Products */,
			);
			sourceTree = "<group>";
		};
		6A98E11215C64C5600A777EA /* Products */ = {
			isa = PBXGroup;
			children = (
				6A98E11115C64C5600A777EA /* ScrollImageWithArray.app */,
			);
			name = Products;
			sourceTree = "<group>";
		};
		6A98E11415C64C5600A777EA /* Frameworks */ = {
			isa = PBXGroup;
			children = (
				6A98E14615C6506B00A777EA /* AssetsLibrary.framework */,
				6A98E11515C64C5600A777EA /* UIKit.framework */,
				6A98E11715C64C5600A777EA /* Foundation.framework */,
				6A98E11915C64C5600A777EA /* CoreGraphics.framework */,
			);
			name = Frameworks;
			sourceTree = "<group>";
		};
		6A98E11B15C64C5600A777EA /* ScrollImageWithArray */ = {
			isa = PBXGroup;
			children = (
				6A98E12415C64C5600A777EA /* ScrollArrayAppDelegate.h */,
				6A98E12515C64C5600A777EA /* ScrollArrayAppDelegate.m */,
				6A98E12715C64C5600A777EA /* MainStoryboard.storyboard */,
				6A98E13215C64D8500A777EA /* 1.jpg */,
				6A98E13315C64D8500A777EA /* 2.jpg */,
				6A98E13415C64D8500A777EA /* 3.jpg */,
				6A98E13515C64D8500A777EA /* 4.jpg */,
				6A98E13615C64D8500A777EA /* 5.jpg */,
				6A98E14015C64EA900A777EA /* 6.jpg */,
				6A98E14115C64EA900A777EA /* 7.jpeg */,
				6A98E14215C64EA900A777EA /* 8.jpg */,
				6A98E14815C652E000A777EA /* 9.jpg */,
				6A98E14915C652E000A777EA /* 10.jpg */,
				6A98E14A15C652E100A777EA /* 11.jpg */,
				6A98E14B15C652E100A777EA /* 12.jpg */,
				6A98E14C15C652E100A777EA /* 13.jpg */,
				6A98E14D15C652E100A777EA /* 14.jpg */,
				6A98E12A15C64C5600A777EA /* ScrollArrayViewController.h */,
				6A98E12B15C64C5600A777EA /* ScrollArrayViewController.m */,
				6A98E11C15C64C5600A777EA /* Supporting Files */,
			);
			path = ScrollImageWithArray;
			sourceTree = "<group>";
		};
		6A98E11C15C64C5600A777EA /* Supporting Files */ = {
			isa = PBXGroup;
			children = (
				6A98E11D15C64C5600A777EA /* ScrollImageWithArray-Info.plist */,
				6A98E11E15C64C5600A777EA /* InfoPlist.strings */,
				6A98E12115C64C5600A777EA /* main.m */,
				6A98E12315C64C5600A777EA /* ScrollImageWithArray-Prefix.pch */,
			);
			name = "Supporting Files";
			sourceTree = "<group>";
		};
/* End PBXGroup section */

/* Begin PBXNativeTarget section */
		6A98E11015C64C5600A777EA /* ScrollImageWithArray */ = {
			isa = PBXNativeTarget;
			buildConfigurationList = 6A98E12F15C64C5600A777EA /* Build configuration list for PBXNativeTarget "ScrollImageWithArray" */;
			buildPhases = (
				6A98E10D15C64C5600A777EA /* Sources */,
				6A98E10E15C64C5600A777EA /* Frameworks */,
				6A98E10F15C64C5600A777EA /* Resources */,
			);
			buildRules = (
			);
			dependencies = (
			);
			name = ScrollImageWithArray;
			productName = ScrollImageWithArray;
			productReference = 6A98E11115C64C5600A777EA /* ScrollImageWithArray.app */;
			productType = "com.apple.product-type.application";
		};
/* End PBXNativeTarget section */

/* Begin PBXProject section */
		6A98E10815C64C5600A777EA /* Project object */ = {
			isa = PBXProject;
			attributes = {
				CLASSPREFIX = ScrollArray;
				LastUpgradeCheck = 0430;
			};
			buildConfigurationList = 6A98E10B15C64C5600A777EA /* Build configuration list for PBXProject "ScrollImageWithArray" */;
			compatibilityVersion = "Xcode 3.2";
			developmentRegion = English;
			hasScannedForEncodings = 0;
			knownRegions = (
				en,
			);
			mainGroup = 6A98E10615C64C5600A777EA;
			productRefGroup = 6A98E11215C64C5600A777EA /* Products */;
			projectDirPath = "";
			projectRoot = "";
			targets = (
				6A98E11015C64C5600A777EA /* ScrollImageWithArray */,
			);
		};
/* End PBXProject section */

/* Begin PBXResourcesBuildPhase section */
		6A98E10F15C64C5600A777EA /* Resources */ = {
			isa = PBXResourcesBuildPhase;
			buildActionMask = 2147483647;
			files = (
				6A98E12015C64C5600A777EA /* InfoPlist.strings in Resources */,
				6A98E12915C64C5600A777EA /* MainStoryboard.storyboard in Resources */,
				6A98E13715C64D8500A777EA /* 1.jpg in Resources */,
				6A98E13815C64D8500A777EA /* 2.jpg in Resources */,
				6A98E13915C64D8500A777EA /* 3.jpg in Resources */,
				6A98E13A15C64D8500A777EA /* 4.jpg in Resources */,
				6A98E13B15C64D8500A777EA /* 5.jpg in Resources */,
				6A98E14315C64EA900A777EA /* 6.jpg in Resources */,
				6A98E14415C64EA900A777EA /* 7.jpeg in Resources */,
				6A98E14515C64EA900A777EA /* 8.jpg in Resources */,
				6A98E14E15C652E100A777EA /* 9.jpg in Resources */,
				6A98E14F15C652E100A777EA /* 10.jpg in Resources */,
				6A98E15015C652E100A777EA /* 11.jpg in Resources */,
				6A98E15115C652E100A777EA /* 12.jpg in Resources */,
				6A98E15215C652E100A777EA /* 13.jpg in Resources */,
				6A98E15315C652E100A777EA /* 14.jpg in Resources */,
			);
			runOnlyForDeploymentPostprocessing = 0;
		};
/* End PBXResourcesBuildPhase section */

/* Begin PBXSourcesBuildPhase section */
		6A98E10D15C64C5600A777EA /* Sources */ = {
			isa = PBXSourcesBuildPhase;
			buildActionMask = 2147483647;
			files = (
				6A98E12215C64C5600A777EA /* main.m in Sources */,
				6A98E12615C64C5600A777EA /* ScrollArrayAppDelegate.m in Sources */,
				6A98E12C15C64C5600A777EA /* ScrollArrayViewController.m in Sources */,
			);
			runOnlyForDeploymentPostprocessing = 0;
		};
/* End PBXSourcesBuildPhase section */

/* Begin PBXVariantGroup section */
		6A98E11E15C64C5600A777EA /* InfoPlist.strings */ = {
			isa = PBXVariantGroup;
			children = (
				6A98E11F15C64C5600A777EA /* en */,
			);
			name = InfoPlist.strings;
			sourceTree = "<group>";
		};
		6A98E12715C64C5600A777EA /* MainStoryboard.storyboard */ = {
			isa = PBXVariantGroup;
			children = (
				6A98E12815C64C5600A777EA /* en */,
			);
			name = MainStoryboard.storyboard;
			sourceTree = "<group>";
		};
/* End PBXVariantGroup section */

/* Begin XCBuildConfiguration section */
		6A98E12D15C64C5600A777EA /* Debug */ = {
			isa = XCBuildConfiguration;
			buildSettings = {
				ALWAYS_SEARCH_USER_PATHS = NO;
				ARCHS = "$(ARCHS_STANDARD_32_BIT)";
				CLANG_ENABLE_OBJC_ARC = YES;
				"CODE_SIGN_IDENTITY[sdk=iphoneos*]" = "iPhone Developer";
				COPY_PHASE_STRIP = NO;
				GCC_C_LANGUAGE_STANDARD = gnu99;
				GCC_DYNAMIC_NO_PIC = NO;
				GCC_OPTIMIZATION_LEVEL = 0;
				GCC_PREPROCESSOR_DEFINITIONS = (
					"DEBUG=1",
					"$(inherited)",
				);
				GCC_SYMBOLS_PRIVATE_EXTERN = NO;
				GCC_VERSION = com.apple.compilers.llvm.clang.1_0;
				GCC_WARN_ABOUT_RETURN_TYPE = YES;
				GCC_WARN_UNINITIALIZED_AUTOS = YES;
				GCC_WARN_UNUSED_VARIABLE = YES;
				IPHONEOS_DEPLOYMENT_TARGET = 5.1;
				SDKROOT = iphoneos;
			};
			name = Debug;
		};
		6A98E12E15C64C5600A777EA /* Release */ = {
			isa = XCBuildConfiguration;
			buildSettings = {
				ALWAYS_SEARCH_USER_PATHS = NO;
				ARCHS = "$(ARCHS_STANDARD_32_BIT)";
				CLANG_ENABLE_OBJC_ARC = YES;
				"CODE_SIGN_IDENTITY[sdk=iphoneos*]" = "iPhone Developer";
				COPY_PHASE_STRIP = YES;
				GCC_C_LANGUAGE_STANDARD = gnu99;
				GCC_VERSION = com.apple.compilers.llvm.clang.1_0;
				GCC_WARN_ABOUT_RETURN_TYPE = YES;
				GCC_WARN_UNINITIALIZED_AUTOS = YES;
				GCC_WARN_UNUSED_VARIABLE = YES;
				IPHONEOS_DEPLOYMENT_TARGET = 5.1;
				OTHER_CFLAGS = "-DNS_BLOCK_ASSERTIONS=1";
				SDKROOT = iphoneos;
				VALIDATE_PRODUCT = YES;
			};
			name = Release;
		};
		6A98E13015C64C5600A777EA /* Debug */ = {
			isa = XCBuildConfiguration;
			buildSettings = {
				GCC_PRECOMPILE_PREFIX_HEADER = YES;
				GCC_PREFIX_HEADER = "ScrollImageWithArray/ScrollImageWithArray-Prefix.pch";
				INFOPLIST_FILE = "ScrollImageWithArray/ScrollImageWithArray-Info.plist";
				PRODUCT_NAME = "$(TARGET_NAME)";
				WRAPPER_EXTENSION = app;
			};
			name = Debug;
		};
		6A98E13115C64C5600A777EA /* Release */ = {
			isa = XCBuildConfiguration;
			buildSettings = {
				GCC_PRECOMPILE_PREFIX_HEADER = YES;
				GCC_PREFIX_HEADER = "ScrollImageWithArray/ScrollImageWithArray-Prefix.pch";
				INFOPLIST_FILE = "ScrollImageWithArray/ScrollImageWithArray-Info.plist";
				PRODUCT_NAME = "$(TARGET_NAME)";
				WRAPPER_EXTENSION = app;
			};
			name = Release;
		};
/* End XCBuildConfiguration section */

/* Begin XCConfigurationList section */
		6A98E10B15C64C5600A777EA /* Build configuration list for PBXProject "ScrollImageWithArray" */ = {
			isa = XCConfigurationList;
			buildConfigurations = (
				6A98E12D15C64C5600A777EA /* Debug */,
				6A98E12E15C64C5600A777EA /* Release */,
			);
			defaultConfigurationIsVisible = 0;
			defaultConfigurationName = Release;
		};
		6A98E12F15C64C5600A777EA /* Build configuration list for PBXNativeTarget "ScrollImageWithArray" */ = {
			isa = XCConfigurationList;
			buildConfigurations = (
				6A98E13015C64C5600A777EA /* Debug */,
				6A98E13115C64C5600A777EA /* Release */,
			);
			defaultConfigurationIsVisible = 0;
		};
/* End XCConfigurationList section */
	};
	rootObject = 6A98E10815C64C5600A777EA /* Project object */;
}
