// !$*UTF8*$!
{
	archiveVersion = 1;
	classes = {
	};
	objectVersion = 46;
	objects = {

/* Begin PBXBuildFile section */
		6AC0637415C95C170088CF38 /* UIKit.framework in Frameworks */ = {isa = PBXBuildFile; fileRef = 6AC0637315C95C170088CF38 /* UIKit.framework */; };
		6AC0637615C95C170088CF38 /* Foundation.framework in Frameworks */ = {isa = PBXBuildFile; fileRef = 6AC0637515C95C170088CF38 /* Foundation.framework */; };
		6AC0637815C95C170088CF38 /* CoreGraphics.framework in Frameworks */ = {isa = PBXBuildFile; fileRef = 6AC0637715C95C170088CF38 /* CoreGraphics.framework */; };
		6AC0637E15C95C170088CF38 /* InfoPlist.strings in Resources */ = {isa = PBXBuildFile; fileRef = 6AC0637C15C95C170088CF38 /* InfoPlist.strings */; };
		6AC0638015C95C170088CF38 /* main.m in Sources */ = {isa = PBXBuildFile; fileRef = 6AC0637F15C95C170088CF38 /* main.m */; };
		6AC0638415C95C170088CF38 /* FlickrPhotoAppDelegate.m in Sources */ = {isa = PBXBuildFile; fileRef = 6AC0638315C95C170088CF38 /* FlickrPhotoAppDelegate.m */; };
		6AC0638715C95C170088CF38 /* MainStoryboard.storyboard in Resources */ = {isa = PBXBuildFile; fileRef = 6AC0638515C95C170088CF38 /* MainStoryboard.storyboard */; };
		6AC0638A15C95C170088CF38 /* FlickrPhotoViewController.m in Sources */ = {isa = PBXBuildFile; fileRef = 6AC0638915C95C170088CF38 /* FlickrPhotoViewController.m */; };
/* End PBXBuildFile section */

/* Begin PBXFileReference section */
		6AC0636F15C95C170088CF38 /* FetchPhotoFromFlickr.app */ = {isa = PBXFileReference; explicitFileType = wrapper.application; includeInIndex = 0; path = FetchPhotoFromFlickr.app; sourceTree = BUILT_PRODUCTS_DIR; };
		6AC0637315C95C170088CF38 /* UIKit.framework */ = {isa = PBXFileReference; lastKnownFileType = wrapper.framework; name = UIKit.framework; path = System/Library/Frameworks/UIKit.framework; sourceTree = SDKROOT; };
		6AC0637515C95C170088CF38 /* Foundation.framework */ = {isa = PBXFileReference; lastKnownFileType = wrapper.framework; name = Foundation.framework; path = System/Library/Frameworks/Foundation.framework; sourceTree = SDKROOT; };
		6AC0637715C95C170088CF38 /* CoreGraphics.framework */ = {isa = PBXFileReference; lastKnownFileType = wrapper.framework; name = CoreGraphics.framework; path = System/Library/Frameworks/CoreGraphics.framework; sourceTree = SDKROOT; };
		6AC0637B15C95C170088CF38 /* FetchPhotoFromFlickr-Info.plist */ = {isa = PBXFileReference; lastKnownFileType = text.plist.xml; path = "FetchPhotoFromFlickr-Info.plist"; sourceTree = "<group>"; };
		6AC0637D15C95C170088CF38 /* en */ = {isa = PBXFileReference; lastKnownFileType = text.plist.strings; name = en; path = en.lproj/InfoPlist.strings; sourceTree = "<group>"; };
		6AC0637F15C95C170088CF38 /* main.m */ = {isa = PBXFileReference; lastKnownFileType = sourcecode.c.objc; path = main.m; sourceTree = "<group>"; };
		6AC0638115C95C170088CF38 /* FetchPhotoFromFlickr-Prefix.pch */ = {isa = PBXFileReference; lastKnownFileType = sourcecode.c.h; path = "FetchPhotoFromFlickr-Prefix.pch"; sourceTree = "<group>"; };
		6AC0638215C95C170088CF38 /* FlickrPhotoAppDelegate.h */ = {isa = PBXFileReference; lastKnownFileType = sourcecode.c.h; path = FlickrPhotoAppDelegate.h; sourceTree = "<group>"; };
		6AC0638315C95C170088CF38 /* FlickrPhotoAppDelegate.m */ = {isa = PBXFileReference; lastKnownFileType = sourcecode.c.objc; path = FlickrPhotoAppDelegate.m; sourceTree = "<group>"; };
		6AC0638615C95C170088CF38 /* en */ = {isa = PBXFileReference; lastKnownFileType = file.storyboard; name = en; path = en.lproj/MainStoryboard.storyboard; sourceTree = "<group>"; };
		6AC0638815C95C170088CF38 /* FlickrPhotoViewController.h */ = {isa = PBXFileReference; lastKnownFileType = sourcecode.c.h; path = FlickrPhotoViewController.h; sourceTree = "<group>"; };
		6AC0638915C95C170088CF38 /* FlickrPhotoViewController.m */ = {isa = PBXFileReference; lastKnownFileType = sourcecode.c.objc; path = FlickrPhotoViewController.m; sourceTree = "<group>"; };
/* End PBXFileReference section */

/* Begin PBXFrameworksBuildPhase section */
		6AC0636C15C95C170088CF38 /* Frameworks */ = {
			isa = PBXFrameworksBuildPhase;
			buildActionMask = 2147483647;
			files = (
				6AC0637415C95C170088CF38 /* UIKit.framework in Frameworks */,
				6AC0637615C95C170088CF38 /* Foundation.framework in Frameworks */,
				6AC0637815C95C170088CF38 /* CoreGraphics.framework in Frameworks */,
			);
			runOnlyForDeploymentPostprocessing = 0;
		};
/* End PBXFrameworksBuildPhase section */

/* Begin PBXGroup section */
		6AC0636415C95C170088CF38 = {
			isa = PBXGroup;
			children = (
				6AC0637915C95C170088CF38 /* FetchPhotoFromFlickr */,
				6AC0637215C95C170088CF38 /* Frameworks */,
				6AC0637015C95C170088CF38 /* Products */,
			);
			sourceTree = "<group>";
		};
		6AC0637015C95C170088CF38 /* Products */ = {
			isa = PBXGroup;
			children = (
				6AC0636F15C95C170088CF38 /* FetchPhotoFromFlickr.app */,
			);
			name = Products;
			sourceTree = "<group>";
		};
		6AC0637215C95C170088CF38 /* Frameworks */ = {
			isa = PBXGroup;
			children = (
				6AC0637315C95C170088CF38 /* UIKit.framework */,
				6AC0637515C95C170088CF38 /* Foundation.framework */,
				6AC0637715C95C170088CF38 /* CoreGraphics.framework */,
			);
			name = Frameworks;
			sourceTree = "<group>";
		};
		6AC0637915C95C170088CF38 /* FetchPhotoFromFlickr */ = {
			isa = PBXGroup;
			children = (
				6AC0638215C95C170088CF38 /* FlickrPhotoAppDelegate.h */,
				6AC0638315C95C170088CF38 /* FlickrPhotoAppDelegate.m */,
				6AC0638515C95C170088CF38 /* MainStoryboard.storyboard */,
				6AC0638815C95C170088CF38 /* FlickrPhotoViewController.h */,
				6AC0638915C95C170088CF38 /* FlickrPhotoViewController.m */,
				6AC0637A15C95C170088CF38 /* Supporting Files */,
			);
			path = FetchPhotoFromFlickr;
			sourceTree = "<group>";
		};
		6AC0637A15C95C170088CF38 /* Supporting Files */ = {
			isa = PBXGroup;
			children = (
				6AC0637B15C95C170088CF38 /* FetchPhotoFromFlickr-Info.plist */,
				6AC0637C15C95C170088CF38 /* InfoPlist.strings */,
				6AC0637F15C95C170088CF38 /* main.m */,
				6AC0638115C95C170088CF38 /* FetchPhotoFromFlickr-Prefix.pch */,
			);
			name = "Supporting Files";
			sourceTree = "<group>";
		};
/* End PBXGroup section */

/* Begin PBXNativeTarget section */
		6AC0636E15C95C170088CF38 /* FetchPhotoFromFlickr */ = {
			isa = PBXNativeTarget;
			buildConfigurationList = 6AC0638D15C95C170088CF38 /* Build configuration list for PBXNativeTarget "FetchPhotoFromFlickr" */;
			buildPhases = (
				6AC0636B15C95C170088CF38 /* Sources */,
				6AC0636C15C95C170088CF38 /* Frameworks */,
				6AC0636D15C95C170088CF38 /* Resources */,
			);
			buildRules = (
			);
			dependencies = (
			);
			name = FetchPhotoFromFlickr;
			productName = FetchPhotoFromFlickr;
			productReference = 6AC0636F15C95C170088CF38 /* FetchPhotoFromFlickr.app */;
			productType = "com.apple.product-type.application";
		};
/* End PBXNativeTarget section */

/* Begin PBXProject section */
		6AC0636615C95C170088CF38 /* Project object */ = {
			isa = PBXProject;
			attributes = {
				CLASSPREFIX = FlickrPhoto;
				LastUpgradeCheck = 0430;
			};
			buildConfigurationList = 6AC0636915C95C170088CF38 /* Build configuration list for PBXProject "FetchPhotoFromFlickr" */;
			compatibilityVersion = "Xcode 3.2";
			developmentRegion = English;
			hasScannedForEncodings = 0;
			knownRegions = (
				en,
			);
			mainGroup = 6AC0636415C95C170088CF38;
			productRefGroup = 6AC0637015C95C170088CF38 /* Products */;
			projectDirPath = "";
			projectRoot = "";
			targets = (
				6AC0636E15C95C170088CF38 /* FetchPhotoFromFlickr */,
			);
		};
/* End PBXProject section */

/* Begin PBXResourcesBuildPhase section */
		6AC0636D15C95C170088CF38 /* Resources */ = {
			isa = PBXResourcesBuildPhase;
			buildActionMask = 2147483647;
			files = (
				6AC0637E15C95C170088CF38 /* InfoPlist.strings in Resources */,
				6AC0638715C95C170088CF38 /* MainStoryboard.storyboard in Resources */,
			);
			runOnlyForDeploymentPostprocessing = 0;
		};
/* End PBXResourcesBuildPhase section */

/* Begin PBXSourcesBuildPhase section */
		6AC0636B15C95C170088CF38 /* Sources */ = {
			isa = PBXSourcesBuildPhase;
			buildActionMask = 2147483647;
			files = (
				6AC0638015C95C170088CF38 /* main.m in Sources */,
				6AC0638415C95C170088CF38 /* FlickrPhotoAppDelegate.m in Sources */,
				6AC0638A15C95C170088CF38 /* FlickrPhotoViewController.m in Sources */,
			);
			runOnlyForDeploymentPostprocessing = 0;
		};
/* End PBXSourcesBuildPhase section */

/* Begin PBXVariantGroup section */
		6AC0637C15C95C170088CF38 /* InfoPlist.strings */ = {
			isa = PBXVariantGroup;
			children = (
				6AC0637D15C95C170088CF38 /* en */,
			);
			name = InfoPlist.strings;
			sourceTree = "<group>";
		};
		6AC0638515C95C170088CF38 /* MainStoryboard.storyboard */ = {
			isa = PBXVariantGroup;
			children = (
				6AC0638615C95C170088CF38 /* en */,
			);
			name = MainStoryboard.storyboard;
			sourceTree = "<group>";
		};
/* End PBXVariantGroup section */

/* Begin XCBuildConfiguration section */
		6AC0638B15C95C170088CF38 /* Debug */ = {
			isa = XCBuildConfiguration;
			buildSettings = {
				ALWAYS_SEARCH_USER_PATHS = NO;
				ARCHS = "$(ARCHS_STANDARD_32_BIT)";
				CLANG_ENABLE_OBJC_ARC = YES;
				"CODE_SIGN_IDENTITY[sdk=iphoneos*]" = "iPhone Developer";
				COPY_PHASE_STRIP = NO;
				GCC_C_LANGUAGE_STANDARD = gnu99;
				GCC_DYNAMIC_NO_PIC = NO;
				GCC_OPTIMIZATION_LEVEL = 0;
				GCC_PREPROCESSOR_DEFINITIONS = (
					"DEBUG=1",
					"$(inherited)",
				);
				GCC_SYMBOLS_PRIVATE_EXTERN = NO;
				GCC_VERSION = com.apple.compilers.llvm.clang.1_0;
				GCC_WARN_ABOUT_RETURN_TYPE = YES;
				GCC_WARN_UNINITIALIZED_AUTOS = YES;
				GCC_WARN_UNUSED_VARIABLE = YES;
				IPHONEOS_DEPLOYMENT_TARGET = 5.1;
				SDKROOT = iphoneos;
			};
			name = Debug;
		};
		6AC0638C15C95C170088CF38 /* Release */ = {
			isa = XCBuildConfiguration;
			buildSettings = {
				ALWAYS_SEARCH_USER_PATHS = NO;
				ARCHS = "$(ARCHS_STANDARD_32_BIT)";
				CLANG_ENABLE_OBJC_ARC = YES;
				"CODE_SIGN_IDENTITY[sdk=iphoneos*]" = "iPhone Developer";
				COPY_PHASE_STRIP = YES;
				GCC_C_LANGUAGE_STANDARD = gnu99;
				GCC_VERSION = com.apple.compilers.llvm.clang.1_0;
				GCC_WARN_ABOUT_RETURN_TYPE = YES;
				GCC_WARN_UNINITIALIZED_AUTOS = YES;
				GCC_WARN_UNUSED_VARIABLE = YES;
				IPHONEOS_DEPLOYMENT_TARGET = 5.1;
				OTHER_CFLAGS = "-DNS_BLOCK_ASSERTIONS=1";
				SDKROOT = iphoneos;
				VALIDATE_PRODUCT = YES;
			};
			name = Release;
		};
		6AC0638E15C95C170088CF38 /* Debug */ = {
			isa = XCBuildConfiguration;
			buildSettings = {
				GCC_PRECOMPILE_PREFIX_HEADER = YES;
				GCC_PREFIX_HEADER = "FetchPhotoFromFlickr/FetchPhotoFromFlickr-Prefix.pch";
				INFOPLIST_FILE = "FetchPhotoFromFlickr/FetchPhotoFromFlickr-Info.plist";
				PRODUCT_NAME = "$(TARGET_NAME)";
				WRAPPER_EXTENSION = app;
			};
			name = Debug;
		};
		6AC0638F15C95C170088CF38 /* Release */ = {
			isa = XCBuildConfiguration;
			buildSettings = {
				GCC_PRECOMPILE_PREFIX_HEADER = YES;
				GCC_PREFIX_HEADER = "FetchPhotoFromFlickr/FetchPhotoFromFlickr-Prefix.pch";
				INFOPLIST_FILE = "FetchPhotoFromFlickr/FetchPhotoFromFlickr-Info.plist";
				PRODUCT_NAME = "$(TARGET_NAME)";
				WRAPPER_EXTENSION = app;
			};
			name = Release;
		};
/* End XCBuildConfiguration section */

/* Begin XCConfigurationList section */
		6AC0636915C95C170088CF38 /* Build configuration list for PBXProject "FetchPhotoFromFlickr" */ = {
			isa = XCConfigurationList;
			buildConfigurations = (
				6AC0638B15C95C170088CF38 /* Debug */,
				6AC0638C15C95C170088CF38 /* Release */,
			);
			defaultConfigurationIsVisible = 0;
			defaultConfigurationName = Release;
		};
		6AC0638D15C95C170088CF38 /* Build configuration list for PBXNativeTarget "FetchPhotoFromFlickr" */ = {
			isa = XCConfigurationList;
			buildConfigurations = (
				6AC0638E15C95C170088CF38 /* Debug */,
				6AC0638F15C95C170088CF38 /* Release */,
			);
			defaultConfigurationIsVisible = 0;
		};
/* End XCConfigurationList section */
	};
	rootObject = 6AC0636615C95C170088CF38 /* Project object */;
}
