// !$*UTF8*$!
{
	archiveVersion = 1;
	classes = {
	};
	objectVersion = 46;
	objects = {

/* Begin PBXBuildFile section */
		6AEB921815B95F0C0097895C /* UIKit.framework in Frameworks */ = {isa = PBXBuildFile; fileRef = 6AEB921715B95F0C0097895C /* UIKit.framework */; };
		6AEB921A15B95F0C0097895C /* Foundation.framework in Frameworks */ = {isa = PBXBuildFile; fileRef = 6AEB921915B95F0C0097895C /* Foundation.framework */; };
		6AEB921C15B95F0C0097895C /* CoreGraphics.framework in Frameworks */ = {isa = PBXBuildFile; fileRef = 6AEB921B15B95F0C0097895C /* CoreGraphics.framework */; };
		6AEB922215B95F0C0097895C /* InfoPlist.strings in Resources */ = {isa = PBXBuildFile; fileRef = 6AEB922015B95F0C0097895C /* InfoPlist.strings */; };
		6AEB922415B95F0C0097895C /* main.m in Sources */ = {isa = PBXBuildFile; fileRef = 6AEB922315B95F0C0097895C /* main.m */; };
		6AEB922815B95F0C0097895C /* CalculatorAppDelegate.m in Sources */ = {isa = PBXBuildFile; fileRef = 6AEB922715B95F0C0097895C /* CalculatorAppDelegate.m */; };
		6AEB922B15B95F0C0097895C /* CalculatorViewController.m in Sources */ = {isa = PBXBuildFile; fileRef = 6AEB922A15B95F0C0097895C /* CalculatorViewController.m */; };
		6AEB922E15B95F0C0097895C /* CalculatorViewController.xib in Resources */ = {isa = PBXBuildFile; fileRef = 6AEB922C15B95F0C0097895C /* CalculatorViewController.xib */; };
/* End PBXBuildFile section */

/* Begin PBXFileReference section */
		6AEB921315B95F0C0097895C /* CalculatorBrain.app */ = {isa = PBXFileReference; explicitFileType = wrapper.application; includeInIndex = 0; path = CalculatorBrain.app; sourceTree = BUILT_PRODUCTS_DIR; };
		6AEB921715B95F0C0097895C /* UIKit.framework */ = {isa = PBXFileReference; lastKnownFileType = wrapper.framework; name = UIKit.framework; path = System/Library/Frameworks/UIKit.framework; sourceTree = SDKROOT; };
		6AEB921915B95F0C0097895C /* Foundation.framework */ = {isa = PBXFileReference; lastKnownFileType = wrapper.framework; name = Foundation.framework; path = System/Library/Frameworks/Foundation.framework; sourceTree = SDKROOT; };
		6AEB921B15B95F0C0097895C /* CoreGraphics.framework */ = {isa = PBXFileReference; lastKnownFileType = wrapper.framework; name = CoreGraphics.framework; path = System/Library/Frameworks/CoreGraphics.framework; sourceTree = SDKROOT; };
		6AEB921F15B95F0C0097895C /* CalculatorBrain-Info.plist */ = {isa = PBXFileReference; path = "CalculatorBrain-Info.plist"; sourceTree = "<group>"; };
		6AEB922115B95F0C0097895C /* en */ = {isa = PBXFileReference; lastKnownFileType = text.plist.strings; name = en; path = en.lproj/InfoPlist.strings; sourceTree = "<group>"; };
		6AEB922315B95F0C0097895C /* main.m */ = {isa = PBXFileReference; lastKnownFileType = sourcecode.c.objc; path = main.m; sourceTree = "<group>"; };
		6AEB922515B95F0C0097895C /* CalculatorBrain-Prefix.pch */ = {isa = PBXFileReference; path = "CalculatorBrain-Prefix.pch"; sourceTree = "<group>"; };
		6AEB922615B95F0C0097895C /* CalculatorAppDelegate.h */ = {isa = PBXFileReference; path = CalculatorAppDelegate.h; sourceTree = "<group>"; };
		6AEB922715B95F0C0097895C /* CalculatorAppDelegate.m */ = {isa = PBXFileReference; lastKnownFileType = sourcecode.c.objc; path = CalculatorAppDelegate.m; sourceTree = "<group>"; };
		6AEB922915B95F0C0097895C /* CalculatorViewController.h */ = {isa = PBXFileReference; path = CalculatorViewController.h; sourceTree = "<group>"; };
		6AEB922A15B95F0C0097895C /* CalculatorViewController.m */ = {isa = PBXFileReference; lastKnownFileType = sourcecode.c.objc; path = CalculatorViewController.m; sourceTree = "<group>"; };
		6AEB922D15B95F0C0097895C /* en */ = {isa = PBXFileReference; lastKnownFileType = file.xib; name = en; path = en.lproj/CalculatorViewController.xib; sourceTree = "<group>"; };
/* End PBXFileReference section */

/* Begin PBXFrameworksBuildPhase section */
		6AEB921015B95F0C0097895C /* Frameworks */ = {
			isa = PBXFrameworksBuildPhase;
			buildActionMask = 2147483647;
			files = (
				6AEB921815B95F0C0097895C /* UIKit.framework in Frameworks */,
				6AEB921A15B95F0C0097895C /* Foundation.framework in Frameworks */,
				6AEB921C15B95F0C0097895C /* CoreGraphics.framework in Frameworks */,
			);
			runOnlyForDeploymentPostprocessing = 0;
		};
/* End PBXFrameworksBuildPhase section */

/* Begin PBXGroup section */
		6AEB920815B95F0C0097895C = {
			isa = PBXGroup;
			children = (
				6AEB921D15B95F0C0097895C /* CalculatorBrain */,
				6AEB921615B95F0C0097895C /* Frameworks */,
				6AEB921415B95F0C0097895C /* Products */,
			);
			sourceTree = "<group>";
		};
		6AEB921415B95F0C0097895C /* Products */ = {
			isa = PBXGroup;
			children = (
				6AEB921315B95F0C0097895C /* CalculatorBrain.app */,
			);
			name = Products;
			sourceTree = "<group>";
		};
		6AEB921615B95F0C0097895C /* Frameworks */ = {
			isa = PBXGroup;
			children = (
				6AEB921715B95F0C0097895C /* UIKit.framework */,
				6AEB921915B95F0C0097895C /* Foundation.framework */,
				6AEB921B15B95F0C0097895C /* CoreGraphics.framework */,
			);
			name = Frameworks;
			sourceTree = "<group>";
		};
		6AEB921D15B95F0C0097895C /* CalculatorBrain */ = {
			isa = PBXGroup;
			children = (
				6AEB922615B95F0C0097895C /* CalculatorAppDelegate.h */,
				6AEB922715B95F0C0097895C /* CalculatorAppDelegate.m */,
				6AEB922915B95F0C0097895C /* CalculatorViewController.h */,
				6AEB922A15B95F0C0097895C /* CalculatorViewController.m */,
				6AEB922C15B95F0C0097895C /* CalculatorViewController.xib */,
				6AEB921E15B95F0C0097895C /* Supporting Files */,
			);
			path = CalculatorBrain;
			sourceTree = "<group>";
		};
		6AEB921E15B95F0C0097895C /* Supporting Files */ = {
			isa = PBXGroup;
			children = (
				6AEB921F15B95F0C0097895C /* CalculatorBrain-Info.plist */,
				6AEB922015B95F0C0097895C /* InfoPlist.strings */,
				6AEB922315B95F0C0097895C /* main.m */,
				6AEB922515B95F0C0097895C /* CalculatorBrain-Prefix.pch */,
			);
			name = "Supporting Files";
			sourceTree = "<group>";
		};
/* End PBXGroup section */

/* Begin PBXNativeTarget section */
		6AEB921215B95F0C0097895C /* CalculatorBrain */ = {
			isa = PBXNativeTarget;
			buildConfigurationList = 6AEB923115B95F0C0097895C /* Build configuration list for PBXNativeTarget "CalculatorBrain" */;
			buildPhases = (
				6AEB920F15B95F0C0097895C /* Sources */,
				6AEB921015B95F0C0097895C /* Frameworks */,
				6AEB921115B95F0C0097895C /* Resources */,
			);
			buildRules = (
			);
			dependencies = (
			);
			name = CalculatorBrain;
			productName = CalculatorBrain;
			productReference = 6AEB921315B95F0C0097895C /* CalculatorBrain.app */;
			productType = "com.apple.product-type.application";
		};
/* End PBXNativeTarget section */

/* Begin PBXProject section */
		6AEB920A15B95F0C0097895C /* Project object */ = {
			isa = PBXProject;
			attributes = {
				CLASSPREFIX = Calculator;
				LastUpgradeCheck = 0430;
			};
			buildConfigurationList = 6AEB920D15B95F0C0097895C /* Build configuration list for PBXProject "CalculatorBrain" */;
			compatibilityVersion = "Xcode 3.2";
			developmentRegion = English;
			hasScannedForEncodings = 0;
			knownRegions = (
				en,
			);
			mainGroup = 6AEB920815B95F0C0097895C;
			productRefGroup = 6AEB921415B95F0C0097895C /* Products */;
			projectDirPath = "";
			projectRoot = "";
			targets = (
				6AEB921215B95F0C0097895C /* CalculatorBrain */,
			);
		};
/* End PBXProject section */

/* Begin PBXResourcesBuildPhase section */
		6AEB921115B95F0C0097895C /* Resources */ = {
			isa = PBXResourcesBuildPhase;
			buildActionMask = 2147483647;
			files = (
				6AEB922215B95F0C0097895C /* InfoPlist.strings in Resources */,
				6AEB922E15B95F0C0097895C /* CalculatorViewController.xib in Resources */,
			);
			runOnlyForDeploymentPostprocessing = 0;
		};
/* End PBXResourcesBuildPhase section */

/* Begin PBXSourcesBuildPhase section */
		6AEB920F15B95F0C0097895C /* Sources */ = {
			isa = PBXSourcesBuildPhase;
			buildActionMask = 2147483647;
			files = (
				6AEB922415B95F0C0097895C /* main.m in Sources */,
				6AEB922815B95F0C0097895C /* CalculatorAppDelegate.m in Sources */,
				6AEB922B15B95F0C0097895C /* CalculatorViewController.m in Sources */,
			);
			runOnlyForDeploymentPostprocessing = 0;
		};
/* End PBXSourcesBuildPhase section */

/* Begin PBXVariantGroup section */
		6AEB922015B95F0C0097895C /* InfoPlist.strings */ = {
			isa = PBXVariantGroup;
			children = (
				6AEB922115B95F0C0097895C /* en */,
			);
			name = InfoPlist.strings;
			sourceTree = "<group>";
		};
		6AEB922C15B95F0C0097895C /* CalculatorViewController.xib */ = {
			isa = PBXVariantGroup;
			children = (
				6AEB922D15B95F0C0097895C /* en */,
			);
			name = CalculatorViewController.xib;
			sourceTree = "<group>";
		};
/* End PBXVariantGroup section */

/* Begin XCBuildConfiguration section */
		6AEB922F15B95F0C0097895C /* Debug */ = {
			isa = XCBuildConfiguration;
			buildSettings = {
				ALWAYS_SEARCH_USER_PATHS = NO;
				ARCHS = "$(ARCHS_STANDARD_32_BIT)";
				CLANG_ENABLE_OBJC_ARC = YES;
				"CODE_SIGN_IDENTITY[sdk=iphoneos*]" = "iPhone Developer";
				COPY_PHASE_STRIP = NO;
				GCC_C_LANGUAGE_STANDARD = gnu99;
				GCC_DYNAMIC_NO_PIC = NO;
				GCC_OPTIMIZATION_LEVEL = 0;
				GCC_PREPROCESSOR_DEFINITIONS = (
					"DEBUG=1",
					"$(inherited)",
				);
				GCC_SYMBOLS_PRIVATE_EXTERN = NO;
				GCC_VERSION = com.apple.compilers.llvm.clang.1_0;
				GCC_WARN_ABOUT_RETURN_TYPE = YES;
				GCC_WARN_UNINITIALIZED_AUTOS = YES;
				GCC_WARN_UNUSED_VARIABLE = YES;
				IPHONEOS_DEPLOYMENT_TARGET = 5.1;
				SDKROOT = iphoneos;
			};
			name = Debug;
		};
		6AEB923015B95F0C0097895C /* Release */ = {
			isa = XCBuildConfiguration;
			buildSettings = {
				ALWAYS_SEARCH_USER_PATHS = NO;
				ARCHS = "$(ARCHS_STANDARD_32_BIT)";
				CLANG_ENABLE_OBJC_ARC = YES;
				"CODE_SIGN_IDENTITY[sdk=iphoneos*]" = "iPhone Developer";
				COPY_PHASE_STRIP = YES;
				GCC_C_LANGUAGE_STANDARD = gnu99;
				GCC_VERSION = com.apple.compilers.llvm.clang.1_0;
				GCC_WARN_ABOUT_RETURN_TYPE = YES;
				GCC_WARN_UNINITIALIZED_AUTOS = YES;
				GCC_WARN_UNUSED_VARIABLE = YES;
				IPHONEOS_DEPLOYMENT_TARGET = 5.1;
				OTHER_CFLAGS = "-DNS_BLOCK_ASSERTIONS=1";
				SDKROOT = iphoneos;
				VALIDATE_PRODUCT = YES;
			};
			name = Release;
		};
		6AEB923215B95F0C0097895C /* Debug */ = {
			isa = XCBuildConfiguration;
			buildSettings = {
				GCC_PRECOMPILE_PREFIX_HEADER = YES;
				GCC_PREFIX_HEADER = "CalculatorBrain/CalculatorBrain-Prefix.pch";
				INFOPLIST_FILE = "CalculatorBrain/CalculatorBrain-Info.plist";
				PRODUCT_NAME = "$(TARGET_NAME)";
				WRAPPER_EXTENSION = app;
			};
			name = Debug;
		};
		6AEB923315B95F0C0097895C /* Release */ = {
			isa = XCBuildConfiguration;
			buildSettings = {
				GCC_PRECOMPILE_PREFIX_HEADER = YES;
				GCC_PREFIX_HEADER = "CalculatorBrain/CalculatorBrain-Prefix.pch";
				INFOPLIST_FILE = "CalculatorBrain/CalculatorBrain-Info.plist";
				PRODUCT_NAME = "$(TARGET_NAME)";
				WRAPPER_EXTENSION = app;
			};
			name = Release;
		};
/* End XCBuildConfiguration section */

/* Begin XCConfigurationList section */
		6AEB920D15B95F0C0097895C /* Build configuration list for PBXProject "CalculatorBrain" */ = {
			isa = XCConfigurationList;
			buildConfigurations = (
				6AEB922F15B95F0C0097895C /* Debug */,
				6AEB923015B95F0C0097895C /* Release */,
			);
			defaultConfigurationIsVisible = 0;
			defaultConfigurationName = Release;
		};
		6AEB923115B95F0C0097895C /* Build configuration list for PBXNativeTarget "CalculatorBrain" */ = {
			isa = XCConfigurationList;
			buildConfigurations = (
				6AEB923215B95F0C0097895C /* Debug */,
				6AEB923315B95F0C0097895C /* Release */,
			);
			defaultConfigurationIsVisible = 0;
		};
/* End XCConfigurationList section */
	};
	rootObject = 6AEB920A15B95F0C0097895C /* Project object */;
}
