// !$*UTF8*$!
{
	archiveVersion = 1;
	classes = {
	};
	objectVersion = 46;
	objects = {

/* Begin PBXBuildFile section */
		6AEB91D415B90ECD0097895C /* UIKit.framework in Frameworks */ = {isa = PBXBuildFile; fileRef = 6AEB91D315B90ECD0097895C /* UIKit.framework */; };
		6AEB91D615B90ECD0097895C /* Foundation.framework in Frameworks */ = {isa = PBXBuildFile; fileRef = 6AEB91D515B90ECD0097895C /* Foundation.framework */; };
		6AEB91D815B90ECD0097895C /* CoreGraphics.framework in Frameworks */ = {isa = PBXBuildFile; fileRef = 6AEB91D715B90ECD0097895C /* CoreGraphics.framework */; };
		6AEB91DE15B90ECD0097895C /* InfoPlist.strings in Resources */ = {isa = PBXBuildFile; fileRef = 6AEB91DC15B90ECD0097895C /* InfoPlist.strings */; };
		6AEB91E015B90ECD0097895C /* main.m in Sources */ = {isa = PBXBuildFile; fileRef = 6AEB91DF15B90ECD0097895C /* main.m */; };
		6AEB91E415B90ECD0097895C /* dkAppDelegate.m in Sources */ = {isa = PBXBuildFile; fileRef = 6AEB91E315B90ECD0097895C /* dkAppDelegate.m */; };
		6AEB91E715B90ECD0097895C /* MainStoryboard.storyboard in Resources */ = {isa = PBXBuildFile; fileRef = 6AEB91E515B90ECD0097895C /* MainStoryboard.storyboard */; };
		6AEB91EA15B90ECD0097895C /* dkViewController.m in Sources */ = {isa = PBXBuildFile; fileRef = 6AEB91E915B90ECD0097895C /* dkViewController.m */; };
/* End PBXBuildFile section */

/* Begin PBXFileReference section */
		6AEB91CF15B90ECD0097895C /* 11.app */ = {isa = PBXFileReference; explicitFileType = wrapper.application; includeInIndex = 0; path = 11.app; sourceTree = BUILT_PRODUCTS_DIR; };
		6AEB91D315B90ECD0097895C /* UIKit.framework */ = {isa = PBXFileReference; lastKnownFileType = wrapper.framework; name = UIKit.framework; path = System/Library/Frameworks/UIKit.framework; sourceTree = SDKROOT; };
		6AEB91D515B90ECD0097895C /* Foundation.framework */ = {isa = PBXFileReference; lastKnownFileType = wrapper.framework; name = Foundation.framework; path = System/Library/Frameworks/Foundation.framework; sourceTree = SDKROOT; };
		6AEB91D715B90ECD0097895C /* CoreGraphics.framework */ = {isa = PBXFileReference; lastKnownFileType = wrapper.framework; name = CoreGraphics.framework; path = System/Library/Frameworks/CoreGraphics.framework; sourceTree = SDKROOT; };
		6AEB91DB15B90ECD0097895C /* 11-Info.plist */ = {isa = PBXFileReference; path = "11-Info.plist"; sourceTree = "<group>"; };
		6AEB91DD15B90ECD0097895C /* en */ = {isa = PBXFileReference; lastKnownFileType = text.plist.strings; name = en; path = en.lproj/InfoPlist.strings; sourceTree = "<group>"; };
		6AEB91DF15B90ECD0097895C /* main.m */ = {isa = PBXFileReference; lastKnownFileType = sourcecode.c.objc; path = main.m; sourceTree = "<group>"; };
		6AEB91E115B90ECD0097895C /* 11-Prefix.pch */ = {isa = PBXFileReference; path = "11-Prefix.pch"; sourceTree = "<group>"; };
		6AEB91E215B90ECD0097895C /* dkAppDelegate.h */ = {isa = PBXFileReference; path = dkAppDelegate.h; sourceTree = "<group>"; };
		6AEB91E315B90ECD0097895C /* dkAppDelegate.m */ = {isa = PBXFileReference; lastKnownFileType = sourcecode.c.objc; path = dkAppDelegate.m; sourceTree = "<group>"; };
		6AEB91E615B90ECD0097895C /* en */ = {isa = PBXFileReference; lastKnownFileType = file.storyboard; name = en; path = en.lproj/MainStoryboard.storyboard; sourceTree = "<group>"; };
		6AEB91E815B90ECD0097895C /* dkViewController.h */ = {isa = PBXFileReference; path = dkViewController.h; sourceTree = "<group>"; };
		6AEB91E915B90ECD0097895C /* dkViewController.m */ = {isa = PBXFileReference; lastKnownFileType = sourcecode.c.objc; path = dkViewController.m; sourceTree = "<group>"; };
/* End PBXFileReference section */

/* Begin PBXFrameworksBuildPhase section */
		6AEB91CC15B90ECD0097895C /* Frameworks */ = {
			isa = PBXFrameworksBuildPhase;
			buildActionMask = 2147483647;
			files = (
				6AEB91D415B90ECD0097895C /* UIKit.framework in Frameworks */,
				6AEB91D615B90ECD0097895C /* Foundation.framework in Frameworks */,
				6AEB91D815B90ECD0097895C /* CoreGraphics.framework in Frameworks */,
			);
			runOnlyForDeploymentPostprocessing = 0;
		};
/* End PBXFrameworksBuildPhase section */

/* Begin PBXGroup section */
		6AEB91C415B90ECD0097895C = {
			isa = PBXGroup;
			children = (
				6AEB91D915B90ECD0097895C /* 11 */,
				6AEB91D215B90ECD0097895C /* Frameworks */,
				6AEB91D015B90ECD0097895C /* Products */,
			);
			sourceTree = "<group>";
		};
		6AEB91D015B90ECD0097895C /* Products */ = {
			isa = PBXGroup;
			children = (
				6AEB91CF15B90ECD0097895C /* 11.app */,
			);
			name = Products;
			sourceTree = "<group>";
		};
		6AEB91D215B90ECD0097895C /* Frameworks */ = {
			isa = PBXGroup;
			children = (
				6AEB91D315B90ECD0097895C /* UIKit.framework */,
				6AEB91D515B90ECD0097895C /* Foundation.framework */,
				6AEB91D715B90ECD0097895C /* CoreGraphics.framework */,
			);
			name = Frameworks;
			sourceTree = "<group>";
		};
		6AEB91D915B90ECD0097895C /* 11 */ = {
			isa = PBXGroup;
			children = (
				6AEB91E215B90ECD0097895C /* dkAppDelegate.h */,
				6AEB91E315B90ECD0097895C /* dkAppDelegate.m */,
				6AEB91E515B90ECD0097895C /* MainStoryboard.storyboard */,
				6AEB91E815B90ECD0097895C /* dkViewController.h */,
				6AEB91E915B90ECD0097895C /* dkViewController.m */,
				6AEB91DA15B90ECD0097895C /* Supporting Files */,
			);
			path = 11;
			sourceTree = "<group>";
		};
		6AEB91DA15B90ECD0097895C /* Supporting Files */ = {
			isa = PBXGroup;
			children = (
				6AEB91DB15B90ECD0097895C /* 11-Info.plist */,
				6AEB91DC15B90ECD0097895C /* InfoPlist.strings */,
				6AEB91DF15B90ECD0097895C /* main.m */,
				6AEB91E115B90ECD0097895C /* 11-Prefix.pch */,
			);
			name = "Supporting Files";
			sourceTree = "<group>";
		};
/* End PBXGroup section */

/* Begin PBXNativeTarget section */
		6AEB91CE15B90ECD0097895C /* 11 */ = {
			isa = PBXNativeTarget;
			buildConfigurationList = 6AEB91ED15B90ECD0097895C /* Build configuration list for PBXNativeTarget "11" */;
			buildPhases = (
				6AEB91CB15B90ECD0097895C /* Sources */,
				6AEB91CC15B90ECD0097895C /* Frameworks */,
				6AEB91CD15B90ECD0097895C /* Resources */,
			);
			buildRules = (
			);
			dependencies = (
			);
			name = 11;
			productName = 11;
			productReference = 6AEB91CF15B90ECD0097895C /* 11.app */;
			productType = "com.apple.product-type.application";
		};
/* End PBXNativeTarget section */

/* Begin PBXProject section */
		6AEB91C615B90ECD0097895C /* Project object */ = {
			isa = PBXProject;
			attributes = {
				CLASSPREFIX = dk;
				LastUpgradeCheck = 0430;
			};
			buildConfigurationList = 6AEB91C915B90ECD0097895C /* Build configuration list for PBXProject "11" */;
			compatibilityVersion = "Xcode 3.2";
			developmentRegion = English;
			hasScannedForEncodings = 0;
			knownRegions = (
				en,
			);
			mainGroup = 6AEB91C415B90ECD0097895C;
			productRefGroup = 6AEB91D015B90ECD0097895C /* Products */;
			projectDirPath = "";
			projectRoot = "";
			targets = (
				6AEB91CE15B90ECD0097895C /* 11 */,
			);
		};
/* End PBXProject section */

/* Begin PBXResourcesBuildPhase section */
		6AEB91CD15B90ECD0097895C /* Resources */ = {
			isa = PBXResourcesBuildPhase;
			buildActionMask = 2147483647;
			files = (
				6AEB91DE15B90ECD0097895C /* InfoPlist.strings in Resources */,
				6AEB91E715B90ECD0097895C /* MainStoryboard.storyboard in Resources */,
			);
			runOnlyForDeploymentPostprocessing = 0;
		};
/* End PBXResourcesBuildPhase section */

/* Begin PBXSourcesBuildPhase section */
		6AEB91CB15B90ECD0097895C /* Sources */ = {
			isa = PBXSourcesBuildPhase;
			buildActionMask = 2147483647;
			files = (
				6AEB91E015B90ECD0097895C /* main.m in Sources */,
				6AEB91E415B90ECD0097895C /* dkAppDelegate.m in Sources */,
				6AEB91EA15B90ECD0097895C /* dkViewController.m in Sources */,
			);
			runOnlyForDeploymentPostprocessing = 0;
		};
/* End PBXSourcesBuildPhase section */

/* Begin PBXVariantGroup section */
		6AEB91DC15B90ECD0097895C /* InfoPlist.strings */ = {
			isa = PBXVariantGroup;
			children = (
				6AEB91DD15B90ECD0097895C /* en */,
			);
			name = InfoPlist.strings;
			sourceTree = "<group>";
		};
		6AEB91E515B90ECD0097895C /* MainStoryboard.storyboard */ = {
			isa = PBXVariantGroup;
			children = (
				6AEB91E615B90ECD0097895C /* en */,
			);
			name = MainStoryboard.storyboard;
			sourceTree = "<group>";
		};
/* End PBXVariantGroup section */

/* Begin XCBuildConfiguration section */
		6AEB91EB15B90ECD0097895C /* Debug */ = {
			isa = XCBuildConfiguration;
			buildSettings = {
				ALWAYS_SEARCH_USER_PATHS = NO;
				ARCHS = "$(ARCHS_STANDARD_32_BIT)";
				CLANG_ENABLE_OBJC_ARC = YES;
				"CODE_SIGN_IDENTITY[sdk=iphoneos*]" = "iPhone Developer";
				COPY_PHASE_STRIP = NO;
				GCC_C_LANGUAGE_STANDARD = gnu99;
				GCC_DYNAMIC_NO_PIC = NO;
				GCC_OPTIMIZATION_LEVEL = 0;
				GCC_PREPROCESSOR_DEFINITIONS = (
					"DEBUG=1",
					"$(inherited)",
				);
				GCC_SYMBOLS_PRIVATE_EXTERN = NO;
				GCC_VERSION = com.apple.compilers.llvm.clang.1_0;
				GCC_WARN_ABOUT_RETURN_TYPE = YES;
				GCC_WARN_UNINITIALIZED_AUTOS = YES;
				GCC_WARN_UNUSED_VARIABLE = YES;
				IPHONEOS_DEPLOYMENT_TARGET = 5.1;
				SDKROOT = iphoneos;
			};
			name = Debug;
		};
		6AEB91EC15B90ECD0097895C /* Release */ = {
			isa = XCBuildConfiguration;
			buildSettings = {
				ALWAYS_SEARCH_USER_PATHS = NO;
				ARCHS = "$(ARCHS_STANDARD_32_BIT)";
				CLANG_ENABLE_OBJC_ARC = YES;
				"CODE_SIGN_IDENTITY[sdk=iphoneos*]" = "iPhone Developer";
				COPY_PHASE_STRIP = YES;
				GCC_C_LANGUAGE_STANDARD = gnu99;
				GCC_VERSION = com.apple.compilers.llvm.clang.1_0;
				GCC_WARN_ABOUT_RETURN_TYPE = YES;
				GCC_WARN_UNINITIALIZED_AUTOS = YES;
				GCC_WARN_UNUSED_VARIABLE = YES;
				IPHONEOS_DEPLOYMENT_TARGET = 5.1;
				OTHER_CFLAGS = "-DNS_BLOCK_ASSERTIONS=1";
				SDKROOT = iphoneos;
				VALIDATE_PRODUCT = YES;
			};
			name = Release;
		};
		6AEB91EE15B90ECD0097895C /* Debug */ = {
			isa = XCBuildConfiguration;
			buildSettings = {
				GCC_PRECOMPILE_PREFIX_HEADER = YES;
				GCC_PREFIX_HEADER = "11/11-Prefix.pch";
				INFOPLIST_FILE = "11/11-Info.plist";
				PRODUCT_NAME = "$(TARGET_NAME)";
				WRAPPER_EXTENSION = app;
			};
			name = Debug;
		};
		6AEB91EF15B90ECD0097895C /* Release */ = {
			isa = XCBuildConfiguration;
			buildSettings = {
				GCC_PRECOMPILE_PREFIX_HEADER = YES;
				GCC_PREFIX_HEADER = "11/11-Prefix.pch";
				INFOPLIST_FILE = "11/11-Info.plist";
				PRODUCT_NAME = "$(TARGET_NAME)";
				WRAPPER_EXTENSION = app;
			};
			name = Release;
		};
/* End XCBuildConfiguration section */

/* Begin XCConfigurationList section */
		6AEB91C915B90ECD0097895C /* Build configuration list for PBXProject "11" */ = {
			isa = XCConfigurationList;
			buildConfigurations = (
				6AEB91EB15B90ECD0097895C /* Debug */,
				6AEB91EC15B90ECD0097895C /* Release */,
			);
			defaultConfigurationIsVisible = 0;
			defaultConfigurationName = Release;
		};
		6AEB91ED15B90ECD0097895C /* Build configuration list for PBXNativeTarget "11" */ = {
			isa = XCConfigurationList;
			buildConfigurations = (
				6AEB91EE15B90ECD0097895C /* Debug */,
				6AEB91EF15B90ECD0097895C /* Release */,
			);
			defaultConfigurationIsVisible = 0;
		};
/* End XCConfigurationList section */
	};
	rootObject = 6AEB91C615B90ECD0097895C /* Project object */;
}
