// !$*UTF8*$!
{
	archiveVersion = 1;
	classes = {
	};
	objectVersion = 46;
	objects = {

/* Begin PBXBuildFile section */
		6A21D46D15CBD55E00FF9DEE /* UIKit.framework in Frameworks */ = {isa = PBXBuildFile; fileRef = 6A21D46C15CBD55E00FF9DEE /* UIKit.framework */; };
		6A21D46F15CBD55E00FF9DEE /* Foundation.framework in Frameworks */ = {isa = PBXBuildFile; fileRef = 6A21D46E15CBD55E00FF9DEE /* Foundation.framework */; };
		6A21D47115CBD55E00FF9DEE /* CoreGraphics.framework in Frameworks */ = {isa = PBXBuildFile; fileRef = 6A21D47015CBD55E00FF9DEE /* CoreGraphics.framework */; };
		6A21D47715CBD55E00FF9DEE /* InfoPlist.strings in Resources */ = {isa = PBXBuildFile; fileRef = 6A21D47515CBD55E00FF9DEE /* InfoPlist.strings */; };
		6A21D47915CBD55E00FF9DEE /* main.m in Sources */ = {isa = PBXBuildFile; fileRef = 6A21D47815CBD55E00FF9DEE /* main.m */; };
		6A21D47D15CBD55E00FF9DEE /* GestureRecognizerAppDelegate.m in Sources */ = {isa = PBXBuildFile; fileRef = 6A21D47C15CBD55E00FF9DEE /* GestureRecognizerAppDelegate.m */; };
		6A21D48015CBD55F00FF9DEE /* MainStoryboard.storyboard in Resources */ = {isa = PBXBuildFile; fileRef = 6A21D47E15CBD55E00FF9DEE /* MainStoryboard.storyboard */; };
		6A21D48315CBD55F00FF9DEE /* GestureRecognizerViewController.m in Sources */ = {isa = PBXBuildFile; fileRef = 6A21D48215CBD55F00FF9DEE /* GestureRecognizerViewController.m */; };
		6A21D48E15CBD5B700FF9DEE /* game.jpg in Resources */ = {isa = PBXBuildFile; fileRef = 6A21D48D15CBD5B700FF9DEE /* game.jpg */; };
/* End PBXBuildFile section */

/* Begin PBXFileReference section */
		6A21D46815CBD55E00FF9DEE /* GestureRecognizer.app */ = {isa = PBXFileReference; explicitFileType = wrapper.application; includeInIndex = 0; path = GestureRecognizer.app; sourceTree = BUILT_PRODUCTS_DIR; };
		6A21D46C15CBD55E00FF9DEE /* UIKit.framework */ = {isa = PBXFileReference; lastKnownFileType = wrapper.framework; name = UIKit.framework; path = System/Library/Frameworks/UIKit.framework; sourceTree = SDKROOT; };
		6A21D46E15CBD55E00FF9DEE /* Foundation.framework */ = {isa = PBXFileReference; lastKnownFileType = wrapper.framework; name = Foundation.framework; path = System/Library/Frameworks/Foundation.framework; sourceTree = SDKROOT; };
		6A21D47015CBD55E00FF9DEE /* CoreGraphics.framework */ = {isa = PBXFileReference; lastKnownFileType = wrapper.framework; name = CoreGraphics.framework; path = System/Library/Frameworks/CoreGraphics.framework; sourceTree = SDKROOT; };
		6A21D47415CBD55E00FF9DEE /* GestureRecognizer-Info.plist */ = {isa = PBXFileReference; lastKnownFileType = text.plist.xml; path = "GestureRecognizer-Info.plist"; sourceTree = "<group>"; };
		6A21D47615CBD55E00FF9DEE /* en */ = {isa = PBXFileReference; lastKnownFileType = text.plist.strings; name = en; path = en.lproj/InfoPlist.strings; sourceTree = "<group>"; };
		6A21D47815CBD55E00FF9DEE /* main.m */ = {isa = PBXFileReference; lastKnownFileType = sourcecode.c.objc; path = main.m; sourceTree = "<group>"; };
		6A21D47A15CBD55E00FF9DEE /* GestureRecognizer-Prefix.pch */ = {isa = PBXFileReference; lastKnownFileType = sourcecode.c.h; path = "GestureRecognizer-Prefix.pch"; sourceTree = "<group>"; };
		6A21D47B15CBD55E00FF9DEE /* GestureRecognizerAppDelegate.h */ = {isa = PBXFileReference; lastKnownFileType = sourcecode.c.h; path = GestureRecognizerAppDelegate.h; sourceTree = "<group>"; };
		6A21D47C15CBD55E00FF9DEE /* GestureRecognizerAppDelegate.m */ = {isa = PBXFileReference; lastKnownFileType = sourcecode.c.objc; path = GestureRecognizerAppDelegate.m; sourceTree = "<group>"; };
		6A21D47F15CBD55F00FF9DEE /* en */ = {isa = PBXFileReference; lastKnownFileType = file.storyboard; name = en; path = en.lproj/MainStoryboard.storyboard; sourceTree = "<group>"; };
		6A21D48115CBD55F00FF9DEE /* GestureRecognizerViewController.h */ = {isa = PBXFileReference; lastKnownFileType = sourcecode.c.h; path = GestureRecognizerViewController.h; sourceTree = "<group>"; };
		6A21D48215CBD55F00FF9DEE /* GestureRecognizerViewController.m */ = {isa = PBXFileReference; lastKnownFileType = sourcecode.c.objc; path = GestureRecognizerViewController.m; sourceTree = "<group>"; };
		6A21D48D15CBD5B700FF9DEE /* game.jpg */ = {isa = PBXFileReference; lastKnownFileType = image.jpeg; name = game.jpg; path = ../../../../../../Desktop/game.jpg; sourceTree = "<group>"; };
/* End PBXFileReference section */

/* Begin PBXFrameworksBuildPhase section */
		6A21D46515CBD55E00FF9DEE /* Frameworks */ = {
			isa = PBXFrameworksBuildPhase;
			buildActionMask = 2147483647;
			files = (
				6A21D46D15CBD55E00FF9DEE /* UIKit.framework in Frameworks */,
				6A21D46F15CBD55E00FF9DEE /* Foundation.framework in Frameworks */,
				6A21D47115CBD55E00FF9DEE /* CoreGraphics.framework in Frameworks */,
			);
			runOnlyForDeploymentPostprocessing = 0;
		};
/* End PBXFrameworksBuildPhase section */

/* Begin PBXGroup section */
		6A21D45D15CBD55E00FF9DEE = {
			isa = PBXGroup;
			children = (
				6A21D47215CBD55E00FF9DEE /* GestureRecognizer */,
				6A21D46B15CBD55E00FF9DEE /* Frameworks */,
				6A21D46915CBD55E00FF9DEE /* Products */,
			);
			sourceTree = "<group>";
		};
		6A21D46915CBD55E00FF9DEE /* Products */ = {
			isa = PBXGroup;
			children = (
				6A21D46815CBD55E00FF9DEE /* GestureRecognizer.app */,
			);
			name = Products;
			sourceTree = "<group>";
		};
		6A21D46B15CBD55E00FF9DEE /* Frameworks */ = {
			isa = PBXGroup;
			children = (
				6A21D46C15CBD55E00FF9DEE /* UIKit.framework */,
				6A21D46E15CBD55E00FF9DEE /* Foundation.framework */,
				6A21D47015CBD55E00FF9DEE /* CoreGraphics.framework */,
			);
			name = Frameworks;
			sourceTree = "<group>";
		};
		6A21D47215CBD55E00FF9DEE /* GestureRecognizer */ = {
			isa = PBXGroup;
			children = (
				6A21D47B15CBD55E00FF9DEE /* GestureRecognizerAppDelegate.h */,
				6A21D47C15CBD55E00FF9DEE /* GestureRecognizerAppDelegate.m */,
				6A21D47E15CBD55E00FF9DEE /* MainStoryboard.storyboard */,
				6A21D48115CBD55F00FF9DEE /* GestureRecognizerViewController.h */,
				6A21D48215CBD55F00FF9DEE /* GestureRecognizerViewController.m */,
				6A21D47315CBD55E00FF9DEE /* Supporting Files */,
			);
			path = GestureRecognizer;
			sourceTree = "<group>";
		};
		6A21D47315CBD55E00FF9DEE /* Supporting Files */ = {
			isa = PBXGroup;
			children = (
				6A21D48D15CBD5B700FF9DEE /* game.jpg */,
				6A21D47415CBD55E00FF9DEE /* GestureRecognizer-Info.plist */,
				6A21D47515CBD55E00FF9DEE /* InfoPlist.strings */,
				6A21D47815CBD55E00FF9DEE /* main.m */,
				6A21D47A15CBD55E00FF9DEE /* GestureRecognizer-Prefix.pch */,
			);
			name = "Supporting Files";
			sourceTree = "<group>";
		};
/* End PBXGroup section */

/* Begin PBXNativeTarget section */
		6A21D46715CBD55E00FF9DEE /* GestureRecognizer */ = {
			isa = PBXNativeTarget;
			buildConfigurationList = 6A21D48615CBD55F00FF9DEE /* Build configuration list for PBXNativeTarget "GestureRecognizer" */;
			buildPhases = (
				6A21D46415CBD55E00FF9DEE /* Sources */,
				6A21D46515CBD55E00FF9DEE /* Frameworks */,
				6A21D46615CBD55E00FF9DEE /* Resources */,
			);
			buildRules = (
			);
			dependencies = (
			);
			name = GestureRecognizer;
			productName = GestureRecognizer;
			productReference = 6A21D46815CBD55E00FF9DEE /* GestureRecognizer.app */;
			productType = "com.apple.product-type.application";
		};
/* End PBXNativeTarget section */

/* Begin PBXProject section */
		6A21D45F15CBD55E00FF9DEE /* Project object */ = {
			isa = PBXProject;
			attributes = {
				CLASSPREFIX = GestureRecognizer;
				LastUpgradeCheck = 0430;
			};
			buildConfigurationList = 6A21D46215CBD55E00FF9DEE /* Build configuration list for PBXProject "GestureRecognizer" */;
			compatibilityVersion = "Xcode 3.2";
			developmentRegion = English;
			hasScannedForEncodings = 0;
			knownRegions = (
				en,
			);
			mainGroup = 6A21D45D15CBD55E00FF9DEE;
			productRefGroup = 6A21D46915CBD55E00FF9DEE /* Products */;
			projectDirPath = "";
			projectRoot = "";
			targets = (
				6A21D46715CBD55E00FF9DEE /* GestureRecognizer */,
			);
		};
/* End PBXProject section */

/* Begin PBXResourcesBuildPhase section */
		6A21D46615CBD55E00FF9DEE /* Resources */ = {
			isa = PBXResourcesBuildPhase;
			buildActionMask = 2147483647;
			files = (
				6A21D47715CBD55E00FF9DEE /* InfoPlist.strings in Resources */,
				6A21D48015CBD55F00FF9DEE /* MainStoryboard.storyboard in Resources */,
				6A21D48E15CBD5B700FF9DEE /* game.jpg in Resources */,
			);
			runOnlyForDeploymentPostprocessing = 0;
		};
/* End PBXResourcesBuildPhase section */

/* Begin PBXSourcesBuildPhase section */
		6A21D46415CBD55E00FF9DEE /* Sources */ = {
			isa = PBXSourcesBuildPhase;
			buildActionMask = 2147483647;
			files = (
				6A21D47915CBD55E00FF9DEE /* main.m in Sources */,
				6A21D47D15CBD55E00FF9DEE /* GestureRecognizerAppDelegate.m in Sources */,
				6A21D48315CBD55F00FF9DEE /* GestureRecognizerViewController.m in Sources */,
			);
			runOnlyForDeploymentPostprocessing = 0;
		};
/* End PBXSourcesBuildPhase section */

/* Begin PBXVariantGroup section */
		6A21D47515CBD55E00FF9DEE /* InfoPlist.strings */ = {
			isa = PBXVariantGroup;
			children = (
				6A21D47615CBD55E00FF9DEE /* en */,
			);
			name = InfoPlist.strings;
			sourceTree = "<group>";
		};
		6A21D47E15CBD55E00FF9DEE /* MainStoryboard.storyboard */ = {
			isa = PBXVariantGroup;
			children = (
				6A21D47F15CBD55F00FF9DEE /* en */,
			);
			name = MainStoryboard.storyboard;
			sourceTree = "<group>";
		};
/* End PBXVariantGroup section */

/* Begin XCBuildConfiguration section */
		6A21D48415CBD55F00FF9DEE /* Debug */ = {
			isa = XCBuildConfiguration;
			buildSettings = {
				ALWAYS_SEARCH_USER_PATHS = NO;
				ARCHS = "$(ARCHS_STANDARD_32_BIT)";
				CLANG_ENABLE_OBJC_ARC = YES;
				"CODE_SIGN_IDENTITY[sdk=iphoneos*]" = "iPhone Developer";
				COPY_PHASE_STRIP = NO;
				GCC_C_LANGUAGE_STANDARD = gnu99;
				GCC_DYNAMIC_NO_PIC = NO;
				GCC_OPTIMIZATION_LEVEL = 0;
				GCC_PREPROCESSOR_DEFINITIONS = (
					"DEBUG=1",
					"$(inherited)",
				);
				GCC_SYMBOLS_PRIVATE_EXTERN = NO;
				GCC_VERSION = com.apple.compilers.llvm.clang.1_0;
				GCC_WARN_ABOUT_RETURN_TYPE = YES;
				GCC_WARN_UNINITIALIZED_AUTOS = YES;
				GCC_WARN_UNUSED_VARIABLE = YES;
				IPHONEOS_DEPLOYMENT_TARGET = 5.1;
				SDKROOT = iphoneos;
			};
			name = Debug;
		};
		6A21D48515CBD55F00FF9DEE /* Release */ = {
			isa = XCBuildConfiguration;
			buildSettings = {
				ALWAYS_SEARCH_USER_PATHS = NO;
				ARCHS = "$(ARCHS_STANDARD_32_BIT)";
				CLANG_ENABLE_OBJC_ARC = YES;
				"CODE_SIGN_IDENTITY[sdk=iphoneos*]" = "iPhone Developer";
				COPY_PHASE_STRIP = YES;
				GCC_C_LANGUAGE_STANDARD = gnu99;
				GCC_VERSION = com.apple.compilers.llvm.clang.1_0;
				GCC_WARN_ABOUT_RETURN_TYPE = YES;
				GCC_WARN_UNINITIALIZED_AUTOS = YES;
				GCC_WARN_UNUSED_VARIABLE = YES;
				IPHONEOS_DEPLOYMENT_TARGET = 5.1;
				OTHER_CFLAGS = "-DNS_BLOCK_ASSERTIONS=1";
				SDKROOT = iphoneos;
				VALIDATE_PRODUCT = YES;
			};
			name = Release;
		};
		6A21D48715CBD55F00FF9DEE /* Debug */ = {
			isa = XCBuildConfiguration;
			buildSettings = {
				GCC_PRECOMPILE_PREFIX_HEADER = YES;
				GCC_PREFIX_HEADER = "GestureRecognizer/GestureRecognizer-Prefix.pch";
				INFOPLIST_FILE = "GestureRecognizer/GestureRecognizer-Info.plist";
				PRODUCT_NAME = "$(TARGET_NAME)";
				WRAPPER_EXTENSION = app;
			};
			name = Debug;
		};
		6A21D48815CBD55F00FF9DEE /* Release */ = {
			isa = XCBuildConfiguration;
			buildSettings = {
				GCC_PRECOMPILE_PREFIX_HEADER = YES;
				GCC_PREFIX_HEADER = "GestureRecognizer/GestureRecognizer-Prefix.pch";
				INFOPLIST_FILE = "GestureRecognizer/GestureRecognizer-Info.plist";
				PRODUCT_NAME = "$(TARGET_NAME)";
				WRAPPER_EXTENSION = app;
			};
			name = Release;
		};
/* End XCBuildConfiguration section */

/* Begin XCConfigurationList section */
		6A21D46215CBD55E00FF9DEE /* Build configuration list for PBXProject "GestureRecognizer" */ = {
			isa = XCConfigurationList;
			buildConfigurations = (
				6A21D48415CBD55F00FF9DEE /* Debug */,
				6A21D48515CBD55F00FF9DEE /* Release */,
			);
			defaultConfigurationIsVisible = 0;
			defaultConfigurationName = Release;
		};
		6A21D48615CBD55F00FF9DEE /* Build configuration list for PBXNativeTarget "GestureRecognizer" */ = {
			isa = XCConfigurationList;
			buildConfigurations = (
				6A21D48715CBD55F00FF9DEE /* Debug */,
				6A21D48815CBD55F00FF9DEE /* Release */,
			);
			defaultConfigurationIsVisible = 0;
		};
/* End XCConfigurationList section */
	};
	rootObject = 6A21D45F15CBD55E00FF9DEE /* Project object */;
}
