// !$*UTF8*$!
{
	archiveVersion = 1;
	classes = {
	};
	objectVersion = 46;
	objects = {

/* Begin PBXBuildFile section */
		6A2BFA9C15B028BB00329A8A /* UIKit.framework in Frameworks */ = {isa = PBXBuildFile; fileRef = 6A2BFA9B15B028BB00329A8A /* UIKit.framework */; };
		6A2BFA9E15B028BB00329A8A /* Foundation.framework in Frameworks */ = {isa = PBXBuildFile; fileRef = 6A2BFA9D15B028BB00329A8A /* Foundation.framework */; };
		6A2BFAA015B028BB00329A8A /* CoreGraphics.framework in Frameworks */ = {isa = PBXBuildFile; fileRef = 6A2BFA9F15B028BB00329A8A /* CoreGraphics.framework */; };
		6A2BFAA615B028BB00329A8A /* InfoPlist.strings in Resources */ = {isa = PBXBuildFile; fileRef = 6A2BFAA415B028BB00329A8A /* InfoPlist.strings */; };
		6A2BFAA815B028BB00329A8A /* main.m in Sources */ = {isa = PBXBuildFile; fileRef = 6A2BFAA715B028BB00329A8A /* main.m */; };
		6A2BFAAC15B028BB00329A8A /* dkAppDelegate.m in Sources */ = {isa = PBXBuildFile; fileRef = 6A2BFAAB15B028BB00329A8A /* dkAppDelegate.m */; };
		6A2BFAAF15B028BB00329A8A /* MainStoryboard.storyboard in Resources */ = {isa = PBXBuildFile; fileRef = 6A2BFAAD15B028BB00329A8A /* MainStoryboard.storyboard */; };
		6A2BFAB215B028BB00329A8A /* dkViewController.m in Sources */ = {isa = PBXBuildFile; fileRef = 6A2BFAB115B028BB00329A8A /* dkViewController.m */; };
/* End PBXBuildFile section */

/* Begin PBXFileReference section */
		6A2BFA9715B028BB00329A8A /* Calculator.app */ = {isa = PBXFileReference; explicitFileType = wrapper.application; includeInIndex = 0; path = Calculator.app; sourceTree = BUILT_PRODUCTS_DIR; };
		6A2BFA9B15B028BB00329A8A /* UIKit.framework */ = {isa = PBXFileReference; lastKnownFileType = wrapper.framework; name = UIKit.framework; path = System/Library/Frameworks/UIKit.framework; sourceTree = SDKROOT; };
		6A2BFA9D15B028BB00329A8A /* Foundation.framework */ = {isa = PBXFileReference; lastKnownFileType = wrapper.framework; name = Foundation.framework; path = System/Library/Frameworks/Foundation.framework; sourceTree = SDKROOT; };
		6A2BFA9F15B028BB00329A8A /* CoreGraphics.framework */ = {isa = PBXFileReference; lastKnownFileType = wrapper.framework; name = CoreGraphics.framework; path = System/Library/Frameworks/CoreGraphics.framework; sourceTree = SDKROOT; };
		6A2BFAA315B028BB00329A8A /* Calculator-Info.plist */ = {isa = PBXFileReference; lastKnownFileType = text.plist.xml; path = "Calculator-Info.plist"; sourceTree = "<group>"; };
		6A2BFAA515B028BB00329A8A /* en */ = {isa = PBXFileReference; lastKnownFileType = text.plist.strings; name = en; path = en.lproj/InfoPlist.strings; sourceTree = "<group>"; };
		6A2BFAA715B028BB00329A8A /* main.m */ = {isa = PBXFileReference; lastKnownFileType = sourcecode.c.objc; path = main.m; sourceTree = "<group>"; };
		6A2BFAA915B028BB00329A8A /* Calculator-Prefix.pch */ = {isa = PBXFileReference; lastKnownFileType = sourcecode.c.h; path = "Calculator-Prefix.pch"; sourceTree = "<group>"; };
		6A2BFAAA15B028BB00329A8A /* dkAppDelegate.h */ = {isa = PBXFileReference; lastKnownFileType = sourcecode.c.h; path = dkAppDelegate.h; sourceTree = "<group>"; };
		6A2BFAAB15B028BB00329A8A /* dkAppDelegate.m */ = {isa = PBXFileReference; lastKnownFileType = sourcecode.c.objc; path = dkAppDelegate.m; sourceTree = "<group>"; };
		6A2BFAAE15B028BB00329A8A /* en */ = {isa = PBXFileReference; lastKnownFileType = text.xml; name = en; path = en.lproj/MainStoryboard.storyboard; sourceTree = "<group>"; };
		6A2BFAB015B028BB00329A8A /* dkViewController.h */ = {isa = PBXFileReference; lastKnownFileType = sourcecode.c.h; path = dkViewController.h; sourceTree = "<group>"; };
		6A2BFAB115B028BB00329A8A /* dkViewController.m */ = {isa = PBXFileReference; lastKnownFileType = sourcecode.c.objc; path = dkViewController.m; sourceTree = "<group>"; };
/* End PBXFileReference section */

/* Begin PBXFrameworksBuildPhase section */
		6A2BFA9415B028BB00329A8A /* Frameworks */ = {
			isa = PBXFrameworksBuildPhase;
			buildActionMask = 2147483647;
			files = (
				6A2BFA9C15B028BB00329A8A /* UIKit.framework in Frameworks */,
				6A2BFA9E15B028BB00329A8A /* Foundation.framework in Frameworks */,
				6A2BFAA015B028BB00329A8A /* CoreGraphics.framework in Frameworks */,
			);
			runOnlyForDeploymentPostprocessing = 0;
		};
/* End PBXFrameworksBuildPhase section */

/* Begin PBXGroup section */
		6A2BFA8C15B028BB00329A8A = {
			isa = PBXGroup;
			children = (
				6A2BFAA115B028BB00329A8A /* Calculator */,
				6A2BFA9A15B028BB00329A8A /* Frameworks */,
				6A2BFA9815B028BB00329A8A /* Products */,
			);
			sourceTree = "<group>";
		};
		6A2BFA9815B028BB00329A8A /* Products */ = {
			isa = PBXGroup;
			children = (
				6A2BFA9715B028BB00329A8A /* Calculator.app */,
			);
			name = Products;
			sourceTree = "<group>";
		};
		6A2BFA9A15B028BB00329A8A /* Frameworks */ = {
			isa = PBXGroup;
			children = (
				6A2BFA9B15B028BB00329A8A /* UIKit.framework */,
				6A2BFA9D15B028BB00329A8A /* Foundation.framework */,
				6A2BFA9F15B028BB00329A8A /* CoreGraphics.framework */,
			);
			name = Frameworks;
			sourceTree = "<group>";
		};
		6A2BFAA115B028BB00329A8A /* Calculator */ = {
			isa = PBXGroup;
			children = (
				6A2BFAAA15B028BB00329A8A /* dkAppDelegate.h */,
				6A2BFAAB15B028BB00329A8A /* dkAppDelegate.m */,
				6A2BFAAD15B028BB00329A8A /* MainStoryboard.storyboard */,
				6A2BFAB015B028BB00329A8A /* dkViewController.h */,
				6A2BFAB115B028BB00329A8A /* dkViewController.m */,
				6A2BFAA215B028BB00329A8A /* Supporting Files */,
			);
			path = Calculator;
			sourceTree = "<group>";
		};
		6A2BFAA215B028BB00329A8A /* Supporting Files */ = {
			isa = PBXGroup;
			children = (
				6A2BFAA315B028BB00329A8A /* Calculator-Info.plist */,
				6A2BFAA415B028BB00329A8A /* InfoPlist.strings */,
				6A2BFAA715B028BB00329A8A /* main.m */,
				6A2BFAA915B028BB00329A8A /* Calculator-Prefix.pch */,
			);
			name = "Supporting Files";
			sourceTree = "<group>";
		};
/* End PBXGroup section */

/* Begin PBXNativeTarget section */
		6A2BFA9615B028BB00329A8A /* Calculator */ = {
			isa = PBXNativeTarget;
			buildConfigurationList = 6A2BFAB515B028BB00329A8A /* Build configuration list for PBXNativeTarget "Calculator" */;
			buildPhases = (
				6A2BFA9315B028BB00329A8A /* Sources */,
				6A2BFA9415B028BB00329A8A /* Frameworks */,
				6A2BFA9515B028BB00329A8A /* Resources */,
			);
			buildRules = (
			);
			dependencies = (
			);
			name = Calculator;
			productName = Calculator;
			productReference = 6A2BFA9715B028BB00329A8A /* Calculator.app */;
			productType = "com.apple.product-type.application";
		};
/* End PBXNativeTarget section */

/* Begin PBXProject section */
		6A2BFA8E15B028BB00329A8A /* Project object */ = {
			isa = PBXProject;
			attributes = {
				CLASSPREFIX = dk;
				LastUpgradeCheck = 0430;
			};
			buildConfigurationList = 6A2BFA9115B028BB00329A8A /* Build configuration list for PBXProject "Calculator" */;
			compatibilityVersion = "Xcode 3.2";
			developmentRegion = English;
			hasScannedForEncodings = 0;
			knownRegions = (
				en,
			);
			mainGroup = 6A2BFA8C15B028BB00329A8A;
			productRefGroup = 6A2BFA9815B028BB00329A8A /* Products */;
			projectDirPath = "";
			projectRoot = "";
			targets = (
				6A2BFA9615B028BB00329A8A /* Calculator */,
			);
		};
/* End PBXProject section */

/* Begin PBXResourcesBuildPhase section */
		6A2BFA9515B028BB00329A8A /* Resources */ = {
			isa = PBXResourcesBuildPhase;
			buildActionMask = 2147483647;
			files = (
				6A2BFAA615B028BB00329A8A /* InfoPlist.strings in Resources */,
				6A2BFAAF15B028BB00329A8A /* MainStoryboard.storyboard in Resources */,
			);
			runOnlyForDeploymentPostprocessing = 0;
		};
/* End PBXResourcesBuildPhase section */

/* Begin PBXSourcesBuildPhase section */
		6A2BFA9315B028BB00329A8A /* Sources */ = {
			isa = PBXSourcesBuildPhase;
			buildActionMask = 2147483647;
			files = (
				6A2BFAA815B028BB00329A8A /* main.m in Sources */,
				6A2BFAAC15B028BB00329A8A /* dkAppDelegate.m in Sources */,
				6A2BFAB215B028BB00329A8A /* dkViewController.m in Sources */,
			);
			runOnlyForDeploymentPostprocessing = 0;
		};
/* End PBXSourcesBuildPhase section */

/* Begin PBXVariantGroup section */
		6A2BFAA415B028BB00329A8A /* InfoPlist.strings */ = {
			isa = PBXVariantGroup;
			children = (
				6A2BFAA515B028BB00329A8A /* en */,
			);
			name = InfoPlist.strings;
			sourceTree = "<group>";
		};
		6A2BFAAD15B028BB00329A8A /* MainStoryboard.storyboard */ = {
			isa = PBXVariantGroup;
			children = (
				6A2BFAAE15B028BB00329A8A /* en */,
			);
			name = MainStoryboard.storyboard;
			sourceTree = "<group>";
		};
/* End PBXVariantGroup section */

/* Begin XCBuildConfiguration section */
		6A2BFAB315B028BB00329A8A /* Debug */ = {
			isa = XCBuildConfiguration;
			buildSettings = {
				ALWAYS_SEARCH_USER_PATHS = NO;
				ARCHS = "$(ARCHS_STANDARD_32_BIT)";
				CLANG_ENABLE_OBJC_ARC = YES;
				"CODE_SIGN_IDENTITY[sdk=iphoneos*]" = "iPhone Developer";
				COPY_PHASE_STRIP = NO;
				GCC_C_LANGUAGE_STANDARD = gnu99;
				GCC_DYNAMIC_NO_PIC = NO;
				GCC_OPTIMIZATION_LEVEL = 0;
				GCC_PREPROCESSOR_DEFINITIONS = (
					"DEBUG=1",
					"$(inherited)",
				);
				GCC_SYMBOLS_PRIVATE_EXTERN = NO;
				GCC_VERSION = com.apple.compilers.llvm.clang.1_0;
				GCC_WARN_ABOUT_RETURN_TYPE = YES;
				GCC_WARN_UNINITIALIZED_AUTOS = YES;
				GCC_WARN_UNUSED_VARIABLE = YES;
				IPHONEOS_DEPLOYMENT_TARGET = 5.1;
				SDKROOT = iphoneos;
			};
			name = Debug;
		};
		6A2BFAB415B028BB00329A8A /* Release */ = {
			isa = XCBuildConfiguration;
			buildSettings = {
				ALWAYS_SEARCH_USER_PATHS = NO;
				ARCHS = "$(ARCHS_STANDARD_32_BIT)";
				CLANG_ENABLE_OBJC_ARC = YES;
				"CODE_SIGN_IDENTITY[sdk=iphoneos*]" = "iPhone Developer";
				COPY_PHASE_STRIP = YES;
				GCC_C_LANGUAGE_STANDARD = gnu99;
				GCC_VERSION = com.apple.compilers.llvm.clang.1_0;
				GCC_WARN_ABOUT_RETURN_TYPE = YES;
				GCC_WARN_UNINITIALIZED_AUTOS = YES;
				GCC_WARN_UNUSED_VARIABLE = YES;
				IPHONEOS_DEPLOYMENT_TARGET = 5.1;
				OTHER_CFLAGS = "-DNS_BLOCK_ASSERTIONS=1";
				SDKROOT = iphoneos;
				VALIDATE_PRODUCT = YES;
			};
			name = Release;
		};
		6A2BFAB615B028BB00329A8A /* Debug */ = {
			isa = XCBuildConfiguration;
			buildSettings = {
				GCC_PRECOMPILE_PREFIX_HEADER = YES;
				GCC_PREFIX_HEADER = "Calculator/Calculator-Prefix.pch";
				INFOPLIST_FILE = "Calculator/Calculator-Info.plist";
				PRODUCT_NAME = "$(TARGET_NAME)";
				WRAPPER_EXTENSION = app;
			};
			name = Debug;
		};
		6A2BFAB715B028BB00329A8A /* Release */ = {
			isa = XCBuildConfiguration;
			buildSettings = {
				GCC_PRECOMPILE_PREFIX_HEADER = YES;
				GCC_PREFIX_HEADER = "Calculator/Calculator-Prefix.pch";
				INFOPLIST_FILE = "Calculator/Calculator-Info.plist";
				PRODUCT_NAME = "$(TARGET_NAME)";
				WRAPPER_EXTENSION = app;
			};
			name = Release;
		};
/* End XCBuildConfiguration section */

/* Begin XCConfigurationList section */
		6A2BFA9115B028BB00329A8A /* Build configuration list for PBXProject "Calculator" */ = {
			isa = XCConfigurationList;
			buildConfigurations = (
				6A2BFAB315B028BB00329A8A /* Debug */,
				6A2BFAB415B028BB00329A8A /* Release */,
			);
			defaultConfigurationIsVisible = 0;
			defaultConfigurationName = Release;
		};
		6A2BFAB515B028BB00329A8A /* Build configuration list for PBXNativeTarget "Calculator" */ = {
			isa = XCConfigurationList;
			buildConfigurations = (
				6A2BFAB615B028BB00329A8A /* Debug */,
				6A2BFAB715B028BB00329A8A /* Release */,
			);
			defaultConfigurationIsVisible = 0;
			defaultConfigurationName = Release;
		};
/* End XCConfigurationList section */
	};
	rootObject = 6A2BFA8E15B028BB00329A8A /* Project object */;
}
