// !$*UTF8*$!
{
	archiveVersion = 1;
	classes = {
	};
	objectVersion = 46;
	objects = {

/* Begin PBXBuildFile section */
		6A79BB9615CFBB0500892877 /* UIKit.framework in Frameworks */ = {isa = PBXBuildFile; fileRef = 6A79BB9515CFBB0500892877 /* UIKit.framework */; };
		6A79BB9815CFBB0500892877 /* Foundation.framework in Frameworks */ = {isa = PBXBuildFile; fileRef = 6A79BB9715CFBB0500892877 /* Foundation.framework */; };
		6A79BB9A15CFBB0500892877 /* CoreGraphics.framework in Frameworks */ = {isa = PBXBuildFile; fileRef = 6A79BB9915CFBB0500892877 /* CoreGraphics.framework */; };
		6A79BBA015CFBB0500892877 /* InfoPlist.strings in Resources */ = {isa = PBXBuildFile; fileRef = 6A79BB9E15CFBB0500892877 /* InfoPlist.strings */; };
		6A79BBA215CFBB0500892877 /* main.m in Sources */ = {isa = PBXBuildFile; fileRef = 6A79BBA115CFBB0500892877 /* main.m */; };
		6A79BBA615CFBB0500892877 /* HappinessAppDelegate.m in Sources */ = {isa = PBXBuildFile; fileRef = 6A79BBA515CFBB0500892877 /* HappinessAppDelegate.m */; };
		6A79BBA915CFBB0500892877 /* MainStoryboard.storyboard in Resources */ = {isa = PBXBuildFile; fileRef = 6A79BBA715CFBB0500892877 /* MainStoryboard.storyboard */; };
		6A79BBAC15CFBB0500892877 /* HappinessViewController.m in Sources */ = {isa = PBXBuildFile; fileRef = 6A79BBAB15CFBB0500892877 /* HappinessViewController.m */; };
		6A79BBB415CFBBB900892877 /* faceView.m in Sources */ = {isa = PBXBuildFile; fileRef = 6A79BBB315CFBBB900892877 /* faceView.m */; };
/* End PBXBuildFile section */

/* Begin PBXFileReference section */
		6A79BB9115CFBB0500892877 /* Happiness.app */ = {isa = PBXFileReference; explicitFileType = wrapper.application; includeInIndex = 0; path = Happiness.app; sourceTree = BUILT_PRODUCTS_DIR; };
		6A79BB9515CFBB0500892877 /* UIKit.framework */ = {isa = PBXFileReference; lastKnownFileType = wrapper.framework; name = UIKit.framework; path = System/Library/Frameworks/UIKit.framework; sourceTree = SDKROOT; };
		6A79BB9715CFBB0500892877 /* Foundation.framework */ = {isa = PBXFileReference; lastKnownFileType = wrapper.framework; name = Foundation.framework; path = System/Library/Frameworks/Foundation.framework; sourceTree = SDKROOT; };
		6A79BB9915CFBB0500892877 /* CoreGraphics.framework */ = {isa = PBXFileReference; lastKnownFileType = wrapper.framework; name = CoreGraphics.framework; path = System/Library/Frameworks/CoreGraphics.framework; sourceTree = SDKROOT; };
		6A79BB9D15CFBB0500892877 /* Happiness-Info.plist */ = {isa = PBXFileReference; lastKnownFileType = text.plist.xml; path = "Happiness-Info.plist"; sourceTree = "<group>"; };
		6A79BB9F15CFBB0500892877 /* en */ = {isa = PBXFileReference; lastKnownFileType = text.plist.strings; name = en; path = en.lproj/InfoPlist.strings; sourceTree = "<group>"; };
		6A79BBA115CFBB0500892877 /* main.m */ = {isa = PBXFileReference; lastKnownFileType = sourcecode.c.objc; path = main.m; sourceTree = "<group>"; };
		6A79BBA315CFBB0500892877 /* Happiness-Prefix.pch */ = {isa = PBXFileReference; lastKnownFileType = sourcecode.c.h; path = "Happiness-Prefix.pch"; sourceTree = "<group>"; };
		6A79BBA415CFBB0500892877 /* HappinessAppDelegate.h */ = {isa = PBXFileReference; lastKnownFileType = sourcecode.c.h; path = HappinessAppDelegate.h; sourceTree = "<group>"; };
		6A79BBA515CFBB0500892877 /* HappinessAppDelegate.m */ = {isa = PBXFileReference; lastKnownFileType = sourcecode.c.objc; path = HappinessAppDelegate.m; sourceTree = "<group>"; };
		6A79BBA815CFBB0500892877 /* en */ = {isa = PBXFileReference; lastKnownFileType = file.storyboard; name = en; path = en.lproj/MainStoryboard.storyboard; sourceTree = "<group>"; };
		6A79BBAA15CFBB0500892877 /* HappinessViewController.h */ = {isa = PBXFileReference; lastKnownFileType = sourcecode.c.h; path = HappinessViewController.h; sourceTree = "<group>"; };
		6A79BBAB15CFBB0500892877 /* HappinessViewController.m */ = {isa = PBXFileReference; lastKnownFileType = sourcecode.c.objc; path = HappinessViewController.m; sourceTree = "<group>"; };
		6A79BBB215CFBBB900892877 /* faceView.h */ = {isa = PBXFileReference; fileEncoding = 4; lastKnownFileType = sourcecode.c.h; path = faceView.h; sourceTree = "<group>"; };
		6A79BBB315CFBBB900892877 /* faceView.m */ = {isa = PBXFileReference; fileEncoding = 4; lastKnownFileType = sourcecode.c.objc; path = faceView.m; sourceTree = "<group>"; };
/* End PBXFileReference section */

/* Begin PBXFrameworksBuildPhase section */
		6A79BB8E15CFBB0500892877 /* Frameworks */ = {
			isa = PBXFrameworksBuildPhase;
			buildActionMask = 2147483647;
			files = (
				6A79BB9615CFBB0500892877 /* UIKit.framework in Frameworks */,
				6A79BB9815CFBB0500892877 /* Foundation.framework in Frameworks */,
				6A79BB9A15CFBB0500892877 /* CoreGraphics.framework in Frameworks */,
			);
			runOnlyForDeploymentPostprocessing = 0;
		};
/* End PBXFrameworksBuildPhase section */

/* Begin PBXGroup section */
		6A79BB8615CFBB0500892877 = {
			isa = PBXGroup;
			children = (
				6A79BB9B15CFBB0500892877 /* Happiness */,
				6A79BB9415CFBB0500892877 /* Frameworks */,
				6A79BB9215CFBB0500892877 /* Products */,
			);
			sourceTree = "<group>";
		};
		6A79BB9215CFBB0500892877 /* Products */ = {
			isa = PBXGroup;
			children = (
				6A79BB9115CFBB0500892877 /* Happiness.app */,
			);
			name = Products;
			sourceTree = "<group>";
		};
		6A79BB9415CFBB0500892877 /* Frameworks */ = {
			isa = PBXGroup;
			children = (
				6A79BB9515CFBB0500892877 /* UIKit.framework */,
				6A79BB9715CFBB0500892877 /* Foundation.framework */,
				6A79BB9915CFBB0500892877 /* CoreGraphics.framework */,
			);
			name = Frameworks;
			sourceTree = "<group>";
		};
		6A79BB9B15CFBB0500892877 /* Happiness */ = {
			isa = PBXGroup;
			children = (
				6A79BBA415CFBB0500892877 /* HappinessAppDelegate.h */,
				6A79BBA515CFBB0500892877 /* HappinessAppDelegate.m */,
				6A79BBA715CFBB0500892877 /* MainStoryboard.storyboard */,
				6A79BBAA15CFBB0500892877 /* HappinessViewController.h */,
				6A79BBAB15CFBB0500892877 /* HappinessViewController.m */,
				6A79BBB215CFBBB900892877 /* faceView.h */,
				6A79BBB315CFBBB900892877 /* faceView.m */,
				6A79BB9C15CFBB0500892877 /* Supporting Files */,
			);
			path = Happiness;
			sourceTree = "<group>";
		};
		6A79BB9C15CFBB0500892877 /* Supporting Files */ = {
			isa = PBXGroup;
			children = (
				6A79BB9D15CFBB0500892877 /* Happiness-Info.plist */,
				6A79BB9E15CFBB0500892877 /* InfoPlist.strings */,
				6A79BBA115CFBB0500892877 /* main.m */,
				6A79BBA315CFBB0500892877 /* Happiness-Prefix.pch */,
			);
			name = "Supporting Files";
			sourceTree = "<group>";
		};
/* End PBXGroup section */

/* Begin PBXNativeTarget section */
		6A79BB9015CFBB0500892877 /* Happiness */ = {
			isa = PBXNativeTarget;
			buildConfigurationList = 6A79BBAF15CFBB0500892877 /* Build configuration list for PBXNativeTarget "Happiness" */;
			buildPhases = (
				6A79BB8D15CFBB0500892877 /* Sources */,
				6A79BB8E15CFBB0500892877 /* Frameworks */,
				6A79BB8F15CFBB0500892877 /* Resources */,
			);
			buildRules = (
			);
			dependencies = (
			);
			name = Happiness;
			productName = Happiness;
			productReference = 6A79BB9115CFBB0500892877 /* Happiness.app */;
			productType = "com.apple.product-type.application";
		};
/* End PBXNativeTarget section */

/* Begin PBXProject section */
		6A79BB8815CFBB0500892877 /* Project object */ = {
			isa = PBXProject;
			attributes = {
				CLASSPREFIX = Happiness;
				LastUpgradeCheck = 0430;
			};
			buildConfigurationList = 6A79BB8B15CFBB0500892877 /* Build configuration list for PBXProject "Happiness" */;
			compatibilityVersion = "Xcode 3.2";
			developmentRegion = English;
			hasScannedForEncodings = 0;
			knownRegions = (
				en,
			);
			mainGroup = 6A79BB8615CFBB0500892877;
			productRefGroup = 6A79BB9215CFBB0500892877 /* Products */;
			projectDirPath = "";
			projectRoot = "";
			targets = (
				6A79BB9015CFBB0500892877 /* Happiness */,
			);
		};
/* End PBXProject section */

/* Begin PBXResourcesBuildPhase section */
		6A79BB8F15CFBB0500892877 /* Resources */ = {
			isa = PBXResourcesBuildPhase;
			buildActionMask = 2147483647;
			files = (
				6A79BBA015CFBB0500892877 /* InfoPlist.strings in Resources */,
				6A79BBA915CFBB0500892877 /* MainStoryboard.storyboard in Resources */,
			);
			runOnlyForDeploymentPostprocessing = 0;
		};
/* End PBXResourcesBuildPhase section */

/* Begin PBXSourcesBuildPhase section */
		6A79BB8D15CFBB0500892877 /* Sources */ = {
			isa = PBXSourcesBuildPhase;
			buildActionMask = 2147483647;
			files = (
				6A79BBA215CFBB0500892877 /* main.m in Sources */,
				6A79BBA615CFBB0500892877 /* HappinessAppDelegate.m in Sources */,
				6A79BBAC15CFBB0500892877 /* HappinessViewController.m in Sources */,
				6A79BBB415CFBBB900892877 /* faceView.m in Sources */,
			);
			runOnlyForDeploymentPostprocessing = 0;
		};
/* End PBXSourcesBuildPhase section */

/* Begin PBXVariantGroup section */
		6A79BB9E15CFBB0500892877 /* InfoPlist.strings */ = {
			isa = PBXVariantGroup;
			children = (
				6A79BB9F15CFBB0500892877 /* en */,
			);
			name = InfoPlist.strings;
			sourceTree = "<group>";
		};
		6A79BBA715CFBB0500892877 /* MainStoryboard.storyboard */ = {
			isa = PBXVariantGroup;
			children = (
				6A79BBA815CFBB0500892877 /* en */,
			);
			name = MainStoryboard.storyboard;
			sourceTree = "<group>";
		};
/* End PBXVariantGroup section */

/* Begin XCBuildConfiguration section */
		6A79BBAD15CFBB0500892877 /* Debug */ = {
			isa = XCBuildConfiguration;
			buildSettings = {
				ALWAYS_SEARCH_USER_PATHS = NO;
				ARCHS = "$(ARCHS_STANDARD_32_BIT)";
				CLANG_ENABLE_OBJC_ARC = YES;
				"CODE_SIGN_IDENTITY[sdk=iphoneos*]" = "iPhone Developer";
				COPY_PHASE_STRIP = NO;
				GCC_C_LANGUAGE_STANDARD = gnu99;
				GCC_DYNAMIC_NO_PIC = NO;
				GCC_OPTIMIZATION_LEVEL = 0;
				GCC_PREPROCESSOR_DEFINITIONS = (
					"DEBUG=1",
					"$(inherited)",
				);
				GCC_SYMBOLS_PRIVATE_EXTERN = NO;
				GCC_VERSION = com.apple.compilers.llvm.clang.1_0;
				GCC_WARN_ABOUT_RETURN_TYPE = YES;
				GCC_WARN_UNINITIALIZED_AUTOS = YES;
				GCC_WARN_UNUSED_VARIABLE = YES;
				IPHONEOS_DEPLOYMENT_TARGET = 5.1;
				SDKROOT = iphoneos;
			};
			name = Debug;
		};
		6A79BBAE15CFBB0500892877 /* Release */ = {
			isa = XCBuildConfiguration;
			buildSettings = {
				ALWAYS_SEARCH_USER_PATHS = NO;
				ARCHS = "$(ARCHS_STANDARD_32_BIT)";
				CLANG_ENABLE_OBJC_ARC = YES;
				"CODE_SIGN_IDENTITY[sdk=iphoneos*]" = "iPhone Developer";
				COPY_PHASE_STRIP = YES;
				GCC_C_LANGUAGE_STANDARD = gnu99;
				GCC_VERSION = com.apple.compilers.llvm.clang.1_0;
				GCC_WARN_ABOUT_RETURN_TYPE = YES;
				GCC_WARN_UNINITIALIZED_AUTOS = YES;
				GCC_WARN_UNUSED_VARIABLE = YES;
				IPHONEOS_DEPLOYMENT_TARGET = 5.1;
				OTHER_CFLAGS = "-DNS_BLOCK_ASSERTIONS=1";
				SDKROOT = iphoneos;
				VALIDATE_PRODUCT = YES;
			};
			name = Release;
		};
		6A79BBB015CFBB0500892877 /* Debug */ = {
			isa = XCBuildConfiguration;
			buildSettings = {
				GCC_PRECOMPILE_PREFIX_HEADER = YES;
				GCC_PREFIX_HEADER = "Happiness/Happiness-Prefix.pch";
				INFOPLIST_FILE = "Happiness/Happiness-Info.plist";
				PRODUCT_NAME = "$(TARGET_NAME)";
				WRAPPER_EXTENSION = app;
			};
			name = Debug;
		};
		6A79BBB115CFBB0500892877 /* Release */ = {
			isa = XCBuildConfiguration;
			buildSettings = {
				GCC_PRECOMPILE_PREFIX_HEADER = YES;
				GCC_PREFIX_HEADER = "Happiness/Happiness-Prefix.pch";
				INFOPLIST_FILE = "Happiness/Happiness-Info.plist";
				PRODUCT_NAME = "$(TARGET_NAME)";
				WRAPPER_EXTENSION = app;
			};
			name = Release;
		};
/* End XCBuildConfiguration section */

/* Begin XCConfigurationList section */
		6A79BB8B15CFBB0500892877 /* Build configuration list for PBXProject "Happiness" */ = {
			isa = XCConfigurationList;
			buildConfigurations = (
				6A79BBAD15CFBB0500892877 /* Debug */,
				6A79BBAE15CFBB0500892877 /* Release */,
			);
			defaultConfigurationIsVisible = 0;
			defaultConfigurationName = Release;
		};
		6A79BBAF15CFBB0500892877 /* Build configuration list for PBXNativeTarget "Happiness" */ = {
			isa = XCConfigurationList;
			buildConfigurations = (
				6A79BBB015CFBB0500892877 /* Debug */,
				6A79BBB115CFBB0500892877 /* Release */,
			);
			defaultConfigurationIsVisible = 0;
		};
/* End XCConfigurationList section */
	};
	rootObject = 6A79BB8815CFBB0500892877 /* Project object */;
}
