// !$*UTF8*$!
{
	archiveVersion = 1;
	classes = {
	};
	objectVersion = 46;
	objects = {

/* Begin PBXBuildFile section */
		529D171B15BFE58A009D5CF7 /* UIKit.framework in Frameworks */ = {isa = PBXBuildFile; fileRef = 529D171A15BFE58A009D5CF7 /* UIKit.framework */; };
		529D171D15BFE58A009D5CF7 /* Foundation.framework in Frameworks */ = {isa = PBXBuildFile; fileRef = 529D171C15BFE58A009D5CF7 /* Foundation.framework */; };
		529D171F15BFE58A009D5CF7 /* CoreGraphics.framework in Frameworks */ = {isa = PBXBuildFile; fileRef = 529D171E15BFE58A009D5CF7 /* CoreGraphics.framework */; };
		529D172515BFE58A009D5CF7 /* InfoPlist.strings in Resources */ = {isa = PBXBuildFile; fileRef = 529D172315BFE58A009D5CF7 /* InfoPlist.strings */; };
		529D172715BFE58A009D5CF7 /* main.m in Sources */ = {isa = PBXBuildFile; fileRef = 529D172615BFE58A009D5CF7 /* main.m */; };
		529D172B15BFE58A009D5CF7 /* AppDelegate.m in Sources */ = {isa = PBXBuildFile; fileRef = 529D172A15BFE58A009D5CF7 /* AppDelegate.m */; };
		529D172E15BFE58A009D5CF7 /* ViewController.m in Sources */ = {isa = PBXBuildFile; fileRef = 529D172D15BFE58A009D5CF7 /* ViewController.m */; };
		529D173115BFE58A009D5CF7 /* ViewController.xib in Resources */ = {isa = PBXBuildFile; fileRef = 529D172F15BFE58A009D5CF7 /* ViewController.xib */; };
		529D174515BFE7C5009D5CF7 /* SBColor.m in Sources */ = {isa = PBXBuildFile; fileRef = 529D174415BFE7C5009D5CF7 /* SBColor.m */; };
/* End PBXBuildFile section */

/* Begin PBXFileReference section */
		529D171615BFE58A009D5CF7 /* KeyValueCodingAndObserving.app */ = {isa = PBXFileReference; explicitFileType = wrapper.application; includeInIndex = 0; path = KeyValueCodingAndObserving.app; sourceTree = BUILT_PRODUCTS_DIR; };
		529D171A15BFE58A009D5CF7 /* UIKit.framework */ = {isa = PBXFileReference; lastKnownFileType = wrapper.framework; name = UIKit.framework; path = System/Library/Frameworks/UIKit.framework; sourceTree = SDKROOT; };
		529D171C15BFE58A009D5CF7 /* Foundation.framework */ = {isa = PBXFileReference; lastKnownFileType = wrapper.framework; name = Foundation.framework; path = System/Library/Frameworks/Foundation.framework; sourceTree = SDKROOT; };
		529D171E15BFE58A009D5CF7 /* CoreGraphics.framework */ = {isa = PBXFileReference; lastKnownFileType = wrapper.framework; name = CoreGraphics.framework; path = System/Library/Frameworks/CoreGraphics.framework; sourceTree = SDKROOT; };
		529D172215BFE58A009D5CF7 /* KeyValueCodingAndObserving-Info.plist */ = {isa = PBXFileReference; lastKnownFileType = text.plist.xml; path = "KeyValueCodingAndObserving-Info.plist"; sourceTree = "<group>"; };
		529D172415BFE58A009D5CF7 /* en */ = {isa = PBXFileReference; lastKnownFileType = text.plist.strings; name = en; path = en.lproj/InfoPlist.strings; sourceTree = "<group>"; };
		529D172615BFE58A009D5CF7 /* main.m */ = {isa = PBXFileReference; lastKnownFileType = sourcecode.c.objc; path = main.m; sourceTree = "<group>"; };
		529D172815BFE58A009D5CF7 /* KeyValueCodingAndObserving-Prefix.pch */ = {isa = PBXFileReference; lastKnownFileType = sourcecode.c.h; path = "KeyValueCodingAndObserving-Prefix.pch"; sourceTree = "<group>"; };
		529D172915BFE58A009D5CF7 /* AppDelegate.h */ = {isa = PBXFileReference; lastKnownFileType = sourcecode.c.h; path = AppDelegate.h; sourceTree = "<group>"; };
		529D172A15BFE58A009D5CF7 /* AppDelegate.m */ = {isa = PBXFileReference; lastKnownFileType = sourcecode.c.objc; path = AppDelegate.m; sourceTree = "<group>"; };
		529D172C15BFE58A009D5CF7 /* ViewController.h */ = {isa = PBXFileReference; lastKnownFileType = sourcecode.c.h; path = ViewController.h; sourceTree = "<group>"; };
		529D172D15BFE58A009D5CF7 /* ViewController.m */ = {isa = PBXFileReference; lastKnownFileType = sourcecode.c.objc; path = ViewController.m; sourceTree = "<group>"; };
		529D173015BFE58A009D5CF7 /* en */ = {isa = PBXFileReference; lastKnownFileType = file.xib; name = en; path = en.lproj/ViewController.xib; sourceTree = "<group>"; };
		529D174315BFE7C5009D5CF7 /* SBColor.h */ = {isa = PBXFileReference; fileEncoding = 4; lastKnownFileType = sourcecode.c.h; path = SBColor.h; sourceTree = "<group>"; };
		529D174415BFE7C5009D5CF7 /* SBColor.m */ = {isa = PBXFileReference; fileEncoding = 4; lastKnownFileType = sourcecode.c.objc; path = SBColor.m; sourceTree = "<group>"; };
/* End PBXFileReference section */

/* Begin PBXFrameworksBuildPhase section */
		529D171315BFE58A009D5CF7 /* Frameworks */ = {
			isa = PBXFrameworksBuildPhase;
			buildActionMask = 2147483647;
			files = (
				529D171B15BFE58A009D5CF7 /* UIKit.framework in Frameworks */,
				529D171D15BFE58A009D5CF7 /* Foundation.framework in Frameworks */,
				529D171F15BFE58A009D5CF7 /* CoreGraphics.framework in Frameworks */,
			);
			runOnlyForDeploymentPostprocessing = 0;
		};
/* End PBXFrameworksBuildPhase section */

/* Begin PBXGroup section */
		529D170B15BFE58A009D5CF7 = {
			isa = PBXGroup;
			children = (
				529D172015BFE58A009D5CF7 /* KeyValueCodingAndObserving */,
				529D171915BFE58A009D5CF7 /* Frameworks */,
				529D171715BFE58A009D5CF7 /* Products */,
			);
			sourceTree = "<group>";
		};
		529D171715BFE58A009D5CF7 /* Products */ = {
			isa = PBXGroup;
			children = (
				529D171615BFE58A009D5CF7 /* KeyValueCodingAndObserving.app */,
			);
			name = Products;
			sourceTree = "<group>";
		};
		529D171915BFE58A009D5CF7 /* Frameworks */ = {
			isa = PBXGroup;
			children = (
				529D171A15BFE58A009D5CF7 /* UIKit.framework */,
				529D171C15BFE58A009D5CF7 /* Foundation.framework */,
				529D171E15BFE58A009D5CF7 /* CoreGraphics.framework */,
			);
			name = Frameworks;
			sourceTree = "<group>";
		};
		529D172015BFE58A009D5CF7 /* KeyValueCodingAndObserving */ = {
			isa = PBXGroup;
			children = (
				529D172915BFE58A009D5CF7 /* AppDelegate.h */,
				529D172A15BFE58A009D5CF7 /* AppDelegate.m */,
				529D172C15BFE58A009D5CF7 /* ViewController.h */,
				529D172D15BFE58A009D5CF7 /* ViewController.m */,
				529D174315BFE7C5009D5CF7 /* SBColor.h */,
				529D174415BFE7C5009D5CF7 /* SBColor.m */,
				529D172F15BFE58A009D5CF7 /* ViewController.xib */,
				529D172115BFE58A009D5CF7 /* Supporting Files */,
			);
			path = KeyValueCodingAndObserving;
			sourceTree = "<group>";
		};
		529D172115BFE58A009D5CF7 /* Supporting Files */ = {
			isa = PBXGroup;
			children = (
				529D172215BFE58A009D5CF7 /* KeyValueCodingAndObserving-Info.plist */,
				529D172315BFE58A009D5CF7 /* InfoPlist.strings */,
				529D172615BFE58A009D5CF7 /* main.m */,
				529D172815BFE58A009D5CF7 /* KeyValueCodingAndObserving-Prefix.pch */,
			);
			name = "Supporting Files";
			sourceTree = "<group>";
		};
/* End PBXGroup section */

/* Begin PBXNativeTarget section */
		529D171515BFE58A009D5CF7 /* KeyValueCodingAndObserving */ = {
			isa = PBXNativeTarget;
			buildConfigurationList = 529D173415BFE58A009D5CF7 /* Build configuration list for PBXNativeTarget "KeyValueCodingAndObserving" */;
			buildPhases = (
				529D171215BFE58A009D5CF7 /* Sources */,
				529D171315BFE58A009D5CF7 /* Frameworks */,
				529D171415BFE58A009D5CF7 /* Resources */,
			);
			buildRules = (
			);
			dependencies = (
			);
			name = KeyValueCodingAndObserving;
			productName = KeyValueCodingAndObserving;
			productReference = 529D171615BFE58A009D5CF7 /* KeyValueCodingAndObserving.app */;
			productType = "com.apple.product-type.application";
		};
/* End PBXNativeTarget section */

/* Begin PBXProject section */
		529D170D15BFE58A009D5CF7 /* Project object */ = {
			isa = PBXProject;
			attributes = {
				LastUpgradeCheck = 0420;
			};
			buildConfigurationList = 529D171015BFE58A009D5CF7 /* Build configuration list for PBXProject "KeyValueCodingAndObserving" */;
			compatibilityVersion = "Xcode 3.2";
			developmentRegion = English;
			hasScannedForEncodings = 0;
			knownRegions = (
				en,
			);
			mainGroup = 529D170B15BFE58A009D5CF7;
			productRefGroup = 529D171715BFE58A009D5CF7 /* Products */;
			projectDirPath = "";
			projectRoot = "";
			targets = (
				529D171515BFE58A009D5CF7 /* KeyValueCodingAndObserving */,
			);
		};
/* End PBXProject section */

/* Begin PBXResourcesBuildPhase section */
		529D171415BFE58A009D5CF7 /* Resources */ = {
			isa = PBXResourcesBuildPhase;
			buildActionMask = 2147483647;
			files = (
				529D172515BFE58A009D5CF7 /* InfoPlist.strings in Resources */,
				529D173115BFE58A009D5CF7 /* ViewController.xib in Resources */,
			);
			runOnlyForDeploymentPostprocessing = 0;
		};
/* End PBXResourcesBuildPhase section */

/* Begin PBXSourcesBuildPhase section */
		529D171215BFE58A009D5CF7 /* Sources */ = {
			isa = PBXSourcesBuildPhase;
			buildActionMask = 2147483647;
			files = (
				529D172715BFE58A009D5CF7 /* main.m in Sources */,
				529D172B15BFE58A009D5CF7 /* AppDelegate.m in Sources */,
				529D172E15BFE58A009D5CF7 /* ViewController.m in Sources */,
				529D174515BFE7C5009D5CF7 /* SBColor.m in Sources */,
			);
			runOnlyForDeploymentPostprocessing = 0;
		};
/* End PBXSourcesBuildPhase section */

/* Begin PBXVariantGroup section */
		529D172315BFE58A009D5CF7 /* InfoPlist.strings */ = {
			isa = PBXVariantGroup;
			children = (
				529D172415BFE58A009D5CF7 /* en */,
			);
			name = InfoPlist.strings;
			sourceTree = "<group>";
		};
		529D172F15BFE58A009D5CF7 /* ViewController.xib */ = {
			isa = PBXVariantGroup;
			children = (
				529D173015BFE58A009D5CF7 /* en */,
			);
			name = ViewController.xib;
			sourceTree = "<group>";
		};
/* End PBXVariantGroup section */

/* Begin XCBuildConfiguration section */
		529D173215BFE58A009D5CF7 /* Debug */ = {
			isa = XCBuildConfiguration;
			buildSettings = {
				ALWAYS_SEARCH_USER_PATHS = NO;
				ARCHS = "$(ARCHS_STANDARD_32_BIT)";
				CLANG_ENABLE_OBJC_ARC = YES;
				"CODE_SIGN_IDENTITY[sdk=iphoneos*]" = "iPhone Developer";
				COPY_PHASE_STRIP = NO;
				GCC_C_LANGUAGE_STANDARD = gnu99;
				GCC_DYNAMIC_NO_PIC = NO;
				GCC_OPTIMIZATION_LEVEL = 0;
				GCC_PREPROCESSOR_DEFINITIONS = (
					"DEBUG=1",
					"$(inherited)",
				);
				GCC_SYMBOLS_PRIVATE_EXTERN = NO;
				GCC_VERSION = com.apple.compilers.llvm.clang.1_0;
				GCC_WARN_ABOUT_MISSING_PROTOTYPES = YES;
				GCC_WARN_ABOUT_RETURN_TYPE = YES;
				GCC_WARN_UNUSED_VARIABLE = YES;
				IPHONEOS_DEPLOYMENT_TARGET = 5.0;
				SDKROOT = iphoneos;
			};
			name = Debug;
		};
		529D173315BFE58A009D5CF7 /* Release */ = {
			isa = XCBuildConfiguration;
			buildSettings = {
				ALWAYS_SEARCH_USER_PATHS = NO;
				ARCHS = "$(ARCHS_STANDARD_32_BIT)";
				CLANG_ENABLE_OBJC_ARC = YES;
				"CODE_SIGN_IDENTITY[sdk=iphoneos*]" = "iPhone Developer";
				COPY_PHASE_STRIP = YES;
				GCC_C_LANGUAGE_STANDARD = gnu99;
				GCC_VERSION = com.apple.compilers.llvm.clang.1_0;
				GCC_WARN_ABOUT_MISSING_PROTOTYPES = YES;
				GCC_WARN_ABOUT_RETURN_TYPE = YES;
				GCC_WARN_UNUSED_VARIABLE = YES;
				IPHONEOS_DEPLOYMENT_TARGET = 5.0;
				OTHER_CFLAGS = "-DNS_BLOCK_ASSERTIONS=1";
				SDKROOT = iphoneos;
				VALIDATE_PRODUCT = YES;
			};
			name = Release;
		};
		529D173515BFE58A009D5CF7 /* Debug */ = {
			isa = XCBuildConfiguration;
			buildSettings = {
				GCC_PRECOMPILE_PREFIX_HEADER = YES;
				GCC_PREFIX_HEADER = "KeyValueCodingAndObserving/KeyValueCodingAndObserving-Prefix.pch";
				INFOPLIST_FILE = "KeyValueCodingAndObserving/KeyValueCodingAndObserving-Info.plist";
				PRODUCT_NAME = "$(TARGET_NAME)";
				WRAPPER_EXTENSION = app;
			};
			name = Debug;
		};
		529D173615BFE58A009D5CF7 /* Release */ = {
			isa = XCBuildConfiguration;
			buildSettings = {
				GCC_PRECOMPILE_PREFIX_HEADER = YES;
				GCC_PREFIX_HEADER = "KeyValueCodingAndObserving/KeyValueCodingAndObserving-Prefix.pch";
				INFOPLIST_FILE = "KeyValueCodingAndObserving/KeyValueCodingAndObserving-Info.plist";
				PRODUCT_NAME = "$(TARGET_NAME)";
				WRAPPER_EXTENSION = app;
			};
			name = Release;
		};
/* End XCBuildConfiguration section */

/* Begin XCConfigurationList section */
		529D171015BFE58A009D5CF7 /* Build configuration list for PBXProject "KeyValueCodingAndObserving" */ = {
			isa = XCConfigurationList;
			buildConfigurations = (
				529D173215BFE58A009D5CF7 /* Debug */,
				529D173315BFE58A009D5CF7 /* Release */,
			);
			defaultConfigurationIsVisible = 0;
			defaultConfigurationName = Release;
		};
		529D173415BFE58A009D5CF7 /* Build configuration list for PBXNativeTarget "KeyValueCodingAndObserving" */ = {
			isa = XCConfigurationList;
			buildConfigurations = (
				529D173515BFE58A009D5CF7 /* Debug */,
				529D173615BFE58A009D5CF7 /* Release */,
			);
			defaultConfigurationIsVisible = 0;
		};
/* End XCConfigurationList section */
	};
	rootObject = 529D170D15BFE58A009D5CF7 /* Project object */;
}
